{
  "object": {
    "pins": [
      {
        "package": "BitByteData",
        "repositoryURL": "https://github.com/tsolomko/BitByteData",
        "state": {
          "branch": null,
          "revision": "3ee55b113ae52d5c1f4cbec0ed4eae613dcd7eff",
          "version": "1.4.3"
        }
      },
      {
        "package": "Hwp-Swift",
        "repositoryURL": "https://github.com/sboh1214/Hwp-Swift.git",
        "state": {
          "branch": null,
          "revision": "b2bde1d31a0496d380fe4f628bc1783d96526aa7",
          "version": "0.12.0"
        }
      },
      {
        "package": "OLEKit",
        "repositoryURL": "https://github.com/CoreOffice/OLEKit.git",
        "state": {
          "branch": null,
          "revision": "2cc7a98b4ac4e9ce022336258a3bc4ff6bfc285b",
          "version": "0.3.1"
        }
      },
      {
        "package": "SWCompression",
        "repositoryURL": "https://github.com/tsolomko/SWCompression.git",
        "state": {
          "branch": null,
          "revision": "4fa4adcf5bbf263388edcbf2631987039a84b389",
          "version": "4.5.7"
        }
      }
    ]
  },
  "version": 1
}
