{
  "object": {
    "pins": [
      {
        "package": "BitByteData",
        "repositoryURL": "https://github.com/tsolomko/BitByteData",
        "state": {
          "branch": null,
          "revision": "3ee55b113ae52d5c1f4cbec0ed4eae613dcd7eff",
          "version": "1.4.3"
        }
      },
      {
        "package": "Hwp-Swift",
        "repositoryURL": "https://github.com/sboh1214/Hwp-Swift.git",
        "state": {
          "branch": null,
          "revision": "ae21bf695c0f35686e62b795023bd9d0a0a6fbd9",
          "version": "0.11.0"
        }
      },
      {
        "package": "OLEKit",
        "repositoryURL": "https://github.com/CoreOffice/OLEKit.git",
        "state": {
          "branch": null,
          "revision": "c78476f851d7333c1e479c663731654a3b377a18",
          "version": "0.3.0"
        }
      },
      {
        "package": "SWCompression",
        "repositoryURL": "https://github.com/tsolomko/SWCompression.git",
        "state": {
          "branch": null,
          "revision": "4fa4adcf5bbf263388edcbf2631987039a84b389",
          "version": "4.5.7"
        }
      }
    ]
  },
  "version": 1
}
