// !$*UTF8*$!
{
	archiveVersion = 1;
	classes = {
	};
	objectVersion = 52;
	objects = {

/* Begin PBXBuildFile section */
		3625A05525B6D35300C5C3FE /* Tests_iOS.swift in Sources */ = {isa = PBXBuildFile; fileRef = 3625A05425B6D35300C5C3FE /* Tests_iOS.swift */; };
		3625A06025B6D35300C5C3FE /* Tests_macOS.swift in Sources */ = {isa = PBXBuildFile; fileRef = 3625A05F25B6D35300C5C3FE /* Tests_macOS.swift */; };
		3625A06225B6D35300C5C3FE /* LikeHangulApp.swift in Sources */ = {isa = PBXBuildFile; fileRef = 3625A03825B6D35300C5C3FE /* LikeHangulApp.swift */; };
		3625A06325B6D35300C5C3FE /* LikeHangulApp.swift in Sources */ = {isa = PBXBuildFile; fileRef = 3625A03825B6D35300C5C3FE /* LikeHangulApp.swift */; };
		3625A06425B6D35300C5C3FE /* LikeHangulDocument.swift in Sources */ = {isa = PBXBuildFile; fileRef = 3625A03925B6D35300C5C3FE /* LikeHangulDocument.swift */; };
		3625A06525B6D35300C5C3FE /* LikeHangulDocument.swift in Sources */ = {isa = PBXBuildFile; fileRef = 3625A03925B6D35300C5C3FE /* LikeHangulDocument.swift */; };
		3625A06625B6D35300C5C3FE /* MainView.swift in Sources */ = {isa = PBXBuildFile; fileRef = 3625A03A25B6D35300C5C3FE /* MainView.swift */; };
		3625A06725B6D35300C5C3FE /* MainView.swift in Sources */ = {isa = PBXBuildFile; fileRef = 3625A03A25B6D35300C5C3FE /* MainView.swift */; };
		3625A06825B6D35300C5C3FE /* Assets.xcassets in Resources */ = {isa = PBXBuildFile; fileRef = 3625A03B25B6D35300C5C3FE /* Assets.xcassets */; };
		3625A06925B6D35300C5C3FE /* Assets.xcassets in Resources */ = {isa = PBXBuildFile; fileRef = 3625A03B25B6D35300C5C3FE /* Assets.xcassets */; };
		36D48D7A25B6D56F000434B4 /* CoreHwp in Frameworks */ = {isa = PBXBuildFile; productRef = 36D48D7925B6D56F000434B4 /* CoreHwp */; };
		36D48D8125B6D577000434B4 /* CoreHwp in Frameworks */ = {isa = PBXBuildFile; productRef = 36D48D8025B6D577000434B4 /* CoreHwp */; };
		36D48DA425B6D7A9000434B4 /* FileInfoView.swift in Sources */ = {isa = PBXBuildFile; fileRef = 36D48DA325B6D7A9000434B4 /* FileInfoView.swift */; };
		36D48DA525B6D7A9000434B4 /* FileInfoView.swift in Sources */ = {isa = PBXBuildFile; fileRef = 36D48DA325B6D7A9000434B4 /* FileInfoView.swift */; };
		36D48DB025B6D7F7000434B4 /* SidebarView.swift in Sources */ = {isa = PBXBuildFile; fileRef = 36D48DAF25B6D7F7000434B4 /* SidebarView.swift */; };
		36D48DB125B6D7F7000434B4 /* SidebarView.swift in Sources */ = {isa = PBXBuildFile; fileRef = 36D48DAF25B6D7F7000434B4 /* SidebarView.swift */; };
		36D48DBB25B6D819000434B4 /* PageView.swift in Sources */ = {isa = PBXBuildFile; fileRef = 36D48DBA25B6D819000434B4 /* PageView.swift */; };
		36D48DBC25B6D819000434B4 /* PageView.swift in Sources */ = {isa = PBXBuildFile; fileRef = 36D48DBA25B6D819000434B4 /* PageView.swift */; };
		36D48DC225B6D843000434B4 /* TOCView.swift in Sources */ = {isa = PBXBuildFile; fileRef = 36D48DC125B6D843000434B4 /* TOCView.swift */; };
		36D48DC325B6D843000434B4 /* TOCView.swift in Sources */ = {isa = PBXBuildFile; fileRef = 36D48DC125B6D843000434B4 /* TOCView.swift */; };
		36D48DCA25B6D869000434B4 /* ContentView.swift in Sources */ = {isa = PBXBuildFile; fileRef = 36D48DC925B6D869000434B4 /* ContentView.swift */; };
		36D48DCB25B6D869000434B4 /* ContentView.swift in Sources */ = {isa = PBXBuildFile; fileRef = 36D48DC925B6D869000434B4 /* ContentView.swift */; };
		36D48DD525B6D8AD000434B4 /* UIHwpView.swift in Sources */ = {isa = PBXBuildFile; fileRef = 36D48DD425B6D8AC000434B4 /* UIHwpView.swift */; };
		36D48DDB25B6D8D1000434B4 /* NSHwpView.swift in Sources */ = {isa = PBXBuildFile; fileRef = 36D48DDA25B6D8D1000434B4 /* NSHwpView.swift */; };
		36D48DE125B6D9B9000434B4 /* AboutView.swift in Sources */ = {isa = PBXBuildFile; fileRef = 36D48DE025B6D9B9000434B4 /* AboutView.swift */; };
		36D48DE225B6D9B9000434B4 /* AboutView.swift in Sources */ = {isa = PBXBuildFile; fileRef = 36D48DE025B6D9B9000434B4 /* AboutView.swift */; };
		36D48DE925B6D9E1000434B4 /* PreferencesView.swift in Sources */ = {isa = PBXBuildFile; fileRef = 36D48DE825B6D9E1000434B4 /* PreferencesView.swift */; };
		36D48DEA25B6D9E1000434B4 /* PreferencesView.swift in Sources */ = {isa = PBXBuildFile; fileRef = 36D48DE825B6D9E1000434B4 /* PreferencesView.swift */; };
		36D48DF025B6D9FB000434B4 /* GeneralView.swift in Sources */ = {isa = PBXBuildFile; fileRef = 36D48DEF25B6D9FB000434B4 /* GeneralView.swift */; };
		36D48DF125B6D9FB000434B4 /* GeneralView.swift in Sources */ = {isa = PBXBuildFile; fileRef = 36D48DEF25B6D9FB000434B4 /* GeneralView.swift */; };
		36D48DF725B6DA30000434B4 /* AdvancedView.swift in Sources */ = {isa = PBXBuildFile; fileRef = 36D48DF625B6DA30000434B4 /* AdvancedView.swift */; };
		36D48DF825B6DA30000434B4 /* AdvancedView.swift in Sources */ = {isa = PBXBuildFile; fileRef = 36D48DF625B6DA30000434B4 /* AdvancedView.swift */; };
/* End PBXBuildFile section */

/* Begin PBXContainerItemProxy section */
		3625A05125B6D35300C5C3FE /* PBXContainerItemProxy */ = {
			isa = PBXContainerItemProxy;
			containerPortal = 3625A03325B6D35200C5C3FE /* Project object */;
			proxyType = 1;
			remoteGlobalIDString = 3625A03F25B6D35300C5C3FE;
			remoteInfo = "Like-Hangul (iOS)";
		};
		3625A05C25B6D35300C5C3FE /* PBXContainerItemProxy */ = {
			isa = PBXContainerItemProxy;
			containerPortal = 3625A03325B6D35200C5C3FE /* Project object */;
			proxyType = 1;
			remoteGlobalIDString = 3625A04725B6D35300C5C3FE;
			remoteInfo = "Like-Hangul (macOS)";
		};
/* End PBXContainerItemProxy section */

/* Begin PBXFileReference section */
		3625A03825B6D35300C5C3FE /* LikeHangulApp.swift */ = {isa = PBXFileReference; lastKnownFileType = sourcecode.swift; path = LikeHangulApp.swift; sourceTree = "<group>"; };
		3625A03925B6D35300C5C3FE /* LikeHangulDocument.swift */ = {isa = PBXFileReference; lastKnownFileType = sourcecode.swift; path = LikeHangulDocument.swift; sourceTree = "<group>"; };
		3625A03A25B6D35300C5C3FE /* MainView.swift */ = {isa = PBXFileReference; lastKnownFileType = sourcecode.swift; path = MainView.swift; sourceTree = "<group>"; };
		3625A03B25B6D35300C5C3FE /* Assets.xcassets */ = {isa = PBXFileReference; lastKnownFileType = folder.assetcatalog; path = Assets.xcassets; sourceTree = "<group>"; };
		3625A04025B6D35300C5C3FE /* Like Hangul.app */ = {isa = PBXFileReference; explicitFileType = wrapper.application; includeInIndex = 0; path = "Like Hangul.app"; sourceTree = BUILT_PRODUCTS_DIR; };
		3625A04325B6D35300C5C3FE /* Info.plist */ = {isa = PBXFileReference; lastKnownFileType = text.plist.xml; path = Info.plist; sourceTree = "<group>"; };
		3625A04825B6D35300C5C3FE /* Like Hangul.app */ = {isa = PBXFileReference; explicitFileType = wrapper.application; includeInIndex = 0; path = "Like Hangul.app"; sourceTree = BUILT_PRODUCTS_DIR; };
		3625A04A25B6D35300C5C3FE /* Info.plist */ = {isa = PBXFileReference; lastKnownFileType = text.plist.xml; path = Info.plist; sourceTree = "<group>"; };
		3625A04B25B6D35300C5C3FE /* macOS.entitlements */ = {isa = PBXFileReference; lastKnownFileType = text.plist.entitlements; path = macOS.entitlements; sourceTree = "<group>"; };
		3625A05025B6D35300C5C3FE /* Tests iOS.xctest */ = {isa = PBXFileReference; explicitFileType = wrapper.cfbundle; includeInIndex = 0; path = "Tests iOS.xctest"; sourceTree = BUILT_PRODUCTS_DIR; };
		3625A05425B6D35300C5C3FE /* Tests_iOS.swift */ = {isa = PBXFileReference; lastKnownFileType = sourcecode.swift; path = Tests_iOS.swift; sourceTree = "<group>"; };
		3625A05625B6D35300C5C3FE /* Info.plist */ = {isa = PBXFileReference; lastKnownFileType = text.plist.xml; path = Info.plist; sourceTree = "<group>"; };
		3625A05B25B6D35300C5C3FE /* Tests macOS.xctest */ = {isa = PBXFileReference; explicitFileType = wrapper.cfbundle; includeInIndex = 0; path = "Tests macOS.xctest"; sourceTree = BUILT_PRODUCTS_DIR; };
		3625A05F25B6D35300C5C3FE /* Tests_macOS.swift */ = {isa = PBXFileReference; lastKnownFileType = sourcecode.swift; path = Tests_macOS.swift; sourceTree = "<group>"; };
		3625A06125B6D35300C5C3FE /* Info.plist */ = {isa = PBXFileReference; lastKnownFileType = text.plist.xml; path = Info.plist; sourceTree = "<group>"; };
		36D48DA325B6D7A9000434B4 /* FileInfoView.swift */ = {isa = PBXFileReference; lastKnownFileType = sourcecode.swift; path = FileInfoView.swift; sourceTree = "<group>"; };
		36D48DAF25B6D7F7000434B4 /* SidebarView.swift */ = {isa = PBXFileReference; lastKnownFileType = sourcecode.swift; path = SidebarView.swift; sourceTree = "<group>"; };
		36D48DBA25B6D819000434B4 /* PageView.swift */ = {isa = PBXFileReference; lastKnownFileType = sourcecode.swift; path = PageView.swift; sourceTree = "<group>"; };
		36D48DC125B6D843000434B4 /* TOCView.swift */ = {isa = PBXFileReference; lastKnownFileType = sourcecode.swift; path = TOCView.swift; sourceTree = "<group>"; };
		36D48DC925B6D869000434B4 /* ContentView.swift */ = {isa = PBXFileReference; lastKnownFileType = sourcecode.swift; path = ContentView.swift; sourceTree = "<group>"; };
		36D48DD425B6D8AC000434B4 /* UIHwpView.swift */ = {isa = PBXFileReference; lastKnownFileType = sourcecode.swift; path = UIHwpView.swift; sourceTree = "<group>"; };
		36D48DDA25B6D8D1000434B4 /* NSHwpView.swift */ = {isa = PBXFileReference; lastKnownFileType = sourcecode.swift; path = NSHwpView.swift; sourceTree = "<group>"; };
		36D48DE025B6D9B9000434B4 /* AboutView.swift */ = {isa = PBXFileReference; lastKnownFileType = sourcecode.swift; path = AboutView.swift; sourceTree = "<group>"; };
		36D48DE825B6D9E1000434B4 /* PreferencesView.swift */ = {isa = PBXFileReference; lastKnownFileType = sourcecode.swift; path = PreferencesView.swift; sourceTree = "<group>"; };
		36D48DEF25B6D9FB000434B4 /* GeneralView.swift */ = {isa = PBXFileReference; lastKnownFileType = sourcecode.swift; path = GeneralView.swift; sourceTree = "<group>"; };
		36D48DF625B6DA30000434B4 /* AdvancedView.swift */ = {isa = PBXFileReference; lastKnownFileType = sourcecode.swift; path = AdvancedView.swift; sourceTree = "<group>"; };
/* End PBXFileReference section */

/* Begin PBXFrameworksBuildPhase section */
		3625A03D25B6D35300C5C3FE /* Frameworks */ = {
			isa = PBXFrameworksBuildPhase;
			buildActionMask = 2147483647;
			files = (
				36D48D7A25B6D56F000434B4 /* CoreHwp in Frameworks */,
			);
			runOnlyForDeploymentPostprocessing = 0;
		};
		3625A04525B6D35300C5C3FE /* Frameworks */ = {
			isa = PBXFrameworksBuildPhase;
			buildActionMask = 2147483647;
			files = (
				36D48D8125B6D577000434B4 /* CoreHwp in Frameworks */,
			);
			runOnlyForDeploymentPostprocessing = 0;
		};
		3625A04D25B6D35300C5C3FE /* Frameworks */ = {
			isa = PBXFrameworksBuildPhase;
			buildActionMask = 2147483647;
			files = (
			);
			runOnlyForDeploymentPostprocessing = 0;
		};
		3625A05825B6D35300C5C3FE /* Frameworks */ = {
			isa = PBXFrameworksBuildPhase;
			buildActionMask = 2147483647;
			files = (
			);
			runOnlyForDeploymentPostprocessing = 0;
		};
/* End PBXFrameworksBuildPhase section */

/* Begin PBXGroup section */
		3625A03225B6D35200C5C3FE = {
			isa = PBXGroup;
			children = (
				3625A03725B6D35300C5C3FE /* Shared */,
				3625A04225B6D35300C5C3FE /* iOS */,
				3625A04925B6D35300C5C3FE /* macOS */,
				3625A05325B6D35300C5C3FE /* Tests iOS */,
				3625A05E25B6D35300C5C3FE /* Tests macOS */,
				3625A04125B6D35300C5C3FE /* Products */,
				36D48D7F25B6D577000434B4 /* Frameworks */,
			);
			sourceTree = "<group>";
		};
		3625A03725B6D35300C5C3FE /* Shared */ = {
			isa = PBXGroup;
			children = (
				36D48DE725B6D9D8000434B4 /* Preferences */,
				36D48DC825B6D85A000434B4 /* Content */,
				36D48DAE25B6D7E1000434B4 /* Sidebar */,
				36D48DA225B6D79A000434B4 /* Sheet */,
				3625A03825B6D35300C5C3FE /* LikeHangulApp.swift */,
				3625A03925B6D35300C5C3FE /* LikeHangulDocument.swift */,
				3625A03A25B6D35300C5C3FE /* MainView.swift */,
				3625A03B25B6D35300C5C3FE /* Assets.xcassets */,
			);
			path = Shared;
			sourceTree = "<group>";
		};
		3625A04125B6D35300C5C3FE /* Products */ = {
			isa = PBXGroup;
			children = (
				3625A04025B6D35300C5C3FE /* Like Hangul.app */,
				3625A04825B6D35300C5C3FE /* Like Hangul.app */,
				3625A05025B6D35300C5C3FE /* Tests iOS.xctest */,
				3625A05B25B6D35300C5C3FE /* Tests macOS.xctest */,
			);
			name = Products;
			sourceTree = "<group>";
		};
		3625A04225B6D35300C5C3FE /* iOS */ = {
			isa = PBXGroup;
			children = (
				3625A04325B6D35300C5C3FE /* Info.plist */,
			);
			path = iOS;
			sourceTree = "<group>";
		};
		3625A04925B6D35300C5C3FE /* macOS */ = {
			isa = PBXGroup;
			children = (
				3625A04A25B6D35300C5C3FE /* Info.plist */,
				3625A04B25B6D35300C5C3FE /* macOS.entitlements */,
			);
			path = macOS;
			sourceTree = "<group>";
		};
		3625A05325B6D35300C5C3FE /* Tests iOS */ = {
			isa = PBXGroup;
			children = (
				3625A05425B6D35300C5C3FE /* Tests_iOS.swift */,
				3625A05625B6D35300C5C3FE /* Info.plist */,
			);
			path = "Tests iOS";
			sourceTree = "<group>";
		};
		3625A05E25B6D35300C5C3FE /* Tests macOS */ = {
			isa = PBXGroup;
			children = (
				3625A05F25B6D35300C5C3FE /* Tests_macOS.swift */,
				3625A06125B6D35300C5C3FE /* Info.plist */,
			);
			path = "Tests macOS";
			sourceTree = "<group>";
		};
		36D48D7F25B6D577000434B4 /* Frameworks */ = {
			isa = PBXGroup;
			children = (
			);
			name = Frameworks;
			sourceTree = "<group>";
		};
		36D48DA225B6D79A000434B4 /* Sheet */ = {
			isa = PBXGroup;
			children = (
				36D48DE025B6D9B9000434B4 /* AboutView.swift */,
				36D48DA325B6D7A9000434B4 /* FileInfoView.swift */,
			);
			path = Sheet;
			sourceTree = "<group>";
		};
		36D48DAE25B6D7E1000434B4 /* Sidebar */ = {
			isa = PBXGroup;
			children = (
				36D48DAF25B6D7F7000434B4 /* SidebarView.swift */,
				36D48DBA25B6D819000434B4 /* PageView.swift */,
				36D48DC125B6D843000434B4 /* TOCView.swift */,
			);
			path = Sidebar;
			sourceTree = "<group>";
		};
		36D48DC825B6D85A000434B4 /* Content */ = {
			isa = PBXGroup;
			children = (
				36D48DC925B6D869000434B4 /* ContentView.swift */,
				36D48DD425B6D8AC000434B4 /* UIHwpView.swift */,
				36D48DDA25B6D8D1000434B4 /* NSHwpView.swift */,
			);
			path = Content;
			sourceTree = "<group>";
		};
		36D48DE725B6D9D8000434B4 /* Preferences */ = {
			isa = PBXGroup;
			children = (
				36D48DE825B6D9E1000434B4 /* PreferencesView.swift */,
				36D48DEF25B6D9FB000434B4 /* GeneralView.swift */,
				36D48DF625B6DA30000434B4 /* AdvancedView.swift */,
			);
			path = Preferences;
			sourceTree = "<group>";
		};
/* End PBXGroup section */

/* Begin PBXNativeTarget section */
		3625A03F25B6D35300C5C3FE /* Like Hangul (iOS) */ = {
			isa = PBXNativeTarget;
			buildConfigurationList = 3625A06C25B6D35300C5C3FE /* Build configuration list for PBXNativeTarget "Like Hangul (iOS)" */;
			buildPhases = (
				3625A03C25B6D35300C5C3FE /* Sources */,
				3625A03D25B6D35300C5C3FE /* Frameworks */,
				3625A03E25B6D35300C5C3FE /* Resources */,
			);
			buildRules = (
			);
			dependencies = (
			);
			name = "Like Hangul (iOS)";
			packageProductDependencies = (
				36D48D7925B6D56F000434B4 /* CoreHwp */,
			);
			productName = "Like-Hangul (iOS)";
			productReference = 3625A04025B6D35300C5C3FE /* Like Hangul.app */;
			productType = "com.apple.product-type.application";
		};
		3625A04725B6D35300C5C3FE /* Like Hangul (macOS) */ = {
			isa = PBXNativeTarget;
			buildConfigurationList = 3625A06F25B6D35300C5C3FE /* Build configuration list for PBXNativeTarget "Like Hangul (macOS)" */;
			buildPhases = (
				3625A04425B6D35300C5C3FE /* Sources */,
				3625A04525B6D35300C5C3FE /* Frameworks */,
				3625A04625B6D35300C5C3FE /* Resources */,
			);
			buildRules = (
			);
			dependencies = (
			);
			name = "Like Hangul (macOS)";
			packageProductDependencies = (
				36D48D8025B6D577000434B4 /* CoreHwp */,
			);
			productName = "Like-Hangul (macOS)";
			productReference = 3625A04825B6D35300C5C3FE /* Like Hangul.app */;
			productType = "com.apple.product-type.application";
		};
		3625A04F25B6D35300C5C3FE /* Tests iOS */ = {
			isa = PBXNativeTarget;
			buildConfigurationList = 3625A07225B6D35300C5C3FE /* Build configuration list for PBXNativeTarget "Tests iOS" */;
			buildPhases = (
				3625A04C25B6D35300C5C3FE /* Sources */,
				3625A04D25B6D35300C5C3FE /* Frameworks */,
				3625A04E25B6D35300C5C3FE /* Resources */,
			);
			buildRules = (
			);
			dependencies = (
				3625A05225B6D35300C5C3FE /* PBXTargetDependency */,
			);
			name = "Tests iOS";
			productName = "Tests iOS";
			productReference = 3625A05025B6D35300C5C3FE /* Tests iOS.xctest */;
			productType = "com.apple.product-type.bundle.ui-testing";
		};
		3625A05A25B6D35300C5C3FE /* Tests macOS */ = {
			isa = PBXNativeTarget;
			buildConfigurationList = 3625A07525B6D35300C5C3FE /* Build configuration list for PBXNativeTarget "Tests macOS" */;
			buildPhases = (
				3625A05725B6D35300C5C3FE /* Sources */,
				3625A05825B6D35300C5C3FE /* Frameworks */,
				3625A05925B6D35300C5C3FE /* Resources */,
			);
			buildRules = (
			);
			dependencies = (
				3625A05D25B6D35300C5C3FE /* PBXTargetDependency */,
			);
			name = "Tests macOS";
			productName = "Tests macOS";
			productReference = 3625A05B25B6D35300C5C3FE /* Tests macOS.xctest */;
			productType = "com.apple.product-type.bundle.ui-testing";
		};
/* End PBXNativeTarget section */

/* Begin PBXProject section */
		3625A03325B6D35200C5C3FE /* Project object */ = {
			isa = PBXProject;
			attributes = {
				LastSwiftUpdateCheck = 1230;
				LastUpgradeCheck = 1230;
				TargetAttributes = {
					3625A03F25B6D35300C5C3FE = {
						CreatedOnToolsVersion = 12.3;
					};
					3625A04725B6D35300C5C3FE = {
						CreatedOnToolsVersion = 12.3;
					};
					3625A04F25B6D35300C5C3FE = {
						CreatedOnToolsVersion = 12.3;
						TestTargetID = 3625A03F25B6D35300C5C3FE;
					};
					3625A05A25B6D35300C5C3FE = {
						CreatedOnToolsVersion = 12.3;
						TestTargetID = 3625A04725B6D35300C5C3FE;
					};
				};
			};
			buildConfigurationList = 3625A03625B6D35200C5C3FE /* Build configuration list for PBXProject "Like Hangul" */;
			compatibilityVersion = "Xcode 9.3";
			developmentRegion = en;
			hasScannedForEncodings = 0;
			knownRegions = (
				en,
				ko,
			);
			mainGroup = 3625A03225B6D35200C5C3FE;
			packageReferences = (
				36D48D7825B6D56F000434B4 /* XCRemoteSwiftPackageReference "Hwp-Swift" */,
			);
			productRefGroup = 3625A04125B6D35300C5C3FE /* Products */;
			projectDirPath = "";
			projectRoot = "";
			targets = (
				3625A03F25B6D35300C5C3FE /* Like Hangul (iOS) */,
				3625A04725B6D35300C5C3FE /* Like Hangul (macOS) */,
				3625A04F25B6D35300C5C3FE /* Tests iOS */,
				3625A05A25B6D35300C5C3FE /* Tests macOS */,
			);
		};
/* End PBXProject section */

/* Begin PBXResourcesBuildPhase section */
		3625A03E25B6D35300C5C3FE /* Resources */ = {
			isa = PBXResourcesBuildPhase;
			buildActionMask = 2147483647;
			files = (
				3625A06825B6D35300C5C3FE /* Assets.xcassets in Resources */,
			);
			runOnlyForDeploymentPostprocessing = 0;
		};
		3625A04625B6D35300C5C3FE /* Resources */ = {
			isa = PBXResourcesBuildPhase;
			buildActionMask = 2147483647;
			files = (
				3625A06925B6D35300C5C3FE /* Assets.xcassets in Resources */,
			);
			runOnlyForDeploymentPostprocessing = 0;
		};
		3625A04E25B6D35300C5C3FE /* Resources */ = {
			isa = PBXResourcesBuildPhase;
			buildActionMask = 2147483647;
			files = (
			);
			runOnlyForDeploymentPostprocessing = 0;
		};
		3625A05925B6D35300C5C3FE /* Resources */ = {
			isa = PBXResourcesBuildPhase;
			buildActionMask = 2147483647;
			files = (
			);
			runOnlyForDeploymentPostprocessing = 0;
		};
/* End PBXResourcesBuildPhase section */

/* Begin PBXSourcesBuildPhase section */
		3625A03C25B6D35300C5C3FE /* Sources */ = {
			isa = PBXSourcesBuildPhase;
			buildActionMask = 2147483647;
			files = (
				36D48DA425B6D7A9000434B4 /* FileInfoView.swift in Sources */,
				36D48DC225B6D843000434B4 /* TOCView.swift in Sources */,
				36D48DCA25B6D869000434B4 /* ContentView.swift in Sources */,
				36D48DBB25B6D819000434B4 /* PageView.swift in Sources */,
				36D48DE125B6D9B9000434B4 /* AboutView.swift in Sources */,
				3625A06425B6D35300C5C3FE /* LikeHangulDocument.swift in Sources */,
				36D48DD525B6D8AD000434B4 /* UIHwpView.swift in Sources */,
				36D48DB025B6D7F7000434B4 /* SidebarView.swift in Sources */,
				3625A06225B6D35300C5C3FE /* LikeHangulApp.swift in Sources */,
				36D48DF025B6D9FB000434B4 /* GeneralView.swift in Sources */,
				36D48DF725B6DA30000434B4 /* AdvancedView.swift in Sources */,
				3625A06625B6D35300C5C3FE /* MainView.swift in Sources */,
				36D48DE925B6D9E1000434B4 /* PreferencesView.swift in Sources */,
			);
			runOnlyForDeploymentPostprocessing = 0;
		};
		3625A04425B6D35300C5C3FE /* Sources */ = {
			isa = PBXSourcesBuildPhase;
			buildActionMask = 2147483647;
			files = (
				36D48DA525B6D7A9000434B4 /* FileInfoView.swift in Sources */,
				36D48DC325B6D843000434B4 /* TOCView.swift in Sources */,
				36D48DCB25B6D869000434B4 /* ContentView.swift in Sources */,
				36D48DBC25B6D819000434B4 /* PageView.swift in Sources */,
				36D48DE225B6D9B9000434B4 /* AboutView.swift in Sources */,
				3625A06525B6D35300C5C3FE /* LikeHangulDocument.swift in Sources */,
				36D48DDB25B6D8D1000434B4 /* NSHwpView.swift in Sources */,
				36D48DB125B6D7F7000434B4 /* SidebarView.swift in Sources */,
				3625A06325B6D35300C5C3FE /* LikeHangulApp.swift in Sources */,
				36D48DF125B6D9FB000434B4 /* GeneralView.swift in Sources */,
				36D48DF825B6DA30000434B4 /* AdvancedView.swift in Sources */,
				3625A06725B6D35300C5C3FE /* MainView.swift in Sources */,
				36D48DEA25B6D9E1000434B4 /* PreferencesView.swift in Sources */,
			);
			runOnlyForDeploymentPostprocessing = 0;
		};
		3625A04C25B6D35300C5C3FE /* Sources */ = {
			isa = PBXSourcesBuildPhase;
			buildActionMask = 2147483647;
			files = (
				3625A05525B6D35300C5C3FE /* Tests_iOS.swift in Sources */,
			);
			runOnlyForDeploymentPostprocessing = 0;
		};
		3625A05725B6D35300C5C3FE /* Sources */ = {
			isa = PBXSourcesBuildPhase;
			buildActionMask = 2147483647;
			files = (
				3625A06025B6D35300C5C3FE /* Tests_macOS.swift in Sources */,
			);
			runOnlyForDeploymentPostprocessing = 0;
		};
/* End PBXSourcesBuildPhase section */

/* Begin PBXTargetDependency section */
		3625A05225B6D35300C5C3FE /* PBXTargetDependency */ = {
			isa = PBXTargetDependency;
			target = 3625A03F25B6D35300C5C3FE /* Like Hangul (iOS) */;
			targetProxy = 3625A05125B6D35300C5C3FE /* PBXContainerItemProxy */;
		};
		3625A05D25B6D35300C5C3FE /* PBXTargetDependency */ = {
			isa = PBXTargetDependency;
			target = 3625A04725B6D35300C5C3FE /* Like Hangul (macOS) */;
			targetProxy = 3625A05C25B6D35300C5C3FE /* PBXContainerItemProxy */;
		};
/* End PBXTargetDependency section */

/* Begin XCBuildConfiguration section */
		3625A06A25B6D35300C5C3FE /* Debug */ = {
			isa = XCBuildConfiguration;
			buildSettings = {
				ALWAYS_SEARCH_USER_PATHS = NO;
				CLANG_ANALYZER_NONNULL = YES;
				CLANG_ANALYZER_NUMBER_OBJECT_CONVERSION = YES_AGGRESSIVE;
				CLANG_CXX_LANGUAGE_STANDARD = "gnu++14";
				CLANG_CXX_LIBRARY = "libc++";
				CLANG_ENABLE_MODULES = YES;
				CLANG_ENABLE_OBJC_ARC = YES;
				CLANG_ENABLE_OBJC_WEAK = YES;
				CLANG_WARN_BLOCK_CAPTURE_AUTORELEASING = YES;
				CLANG_WARN_BOOL_CONVERSION = YES;
				CLANG_WARN_COMMA = YES;
				CLANG_WARN_CONSTANT_CONVERSION = YES;
				CLANG_WARN_DEPRECATED_OBJC_IMPLEMENTATIONS = YES;
				CLANG_WARN_DIRECT_OBJC_ISA_USAGE = YES_ERROR;
				CLANG_WARN_DOCUMENTATION_COMMENTS = YES;
				CLANG_WARN_EMPTY_BODY = YES;
				CLANG_WARN_ENUM_CONVERSION = YES;
				CLANG_WARN_INFINITE_RECURSION = YES;
				CLANG_WARN_INT_CONVERSION = YES;
				CLANG_WARN_NON_LITERAL_NULL_CONVERSION = YES;
				CLANG_WARN_OBJC_IMPLICIT_RETAIN_SELF = YES;
				CLANG_WARN_OBJC_LITERAL_CONVERSION = YES;
				CLANG_WARN_OBJC_ROOT_CLASS = YES_ERROR;
				CLANG_WARN_QUOTED_INCLUDE_IN_FRAMEWORK_HEADER = YES;
				CLANG_WARN_RANGE_LOOP_ANALYSIS = YES;
				CLANG_WARN_STRICT_PROTOTYPES = YES;
				CLANG_WARN_SUSPICIOUS_MOVE = YES;
				CLANG_WARN_UNGUARDED_AVAILABILITY = YES_AGGRESSIVE;
				CLANG_WARN_UNREACHABLE_CODE = YES;
				CLANG_WARN__DUPLICATE_METHOD_MATCH = YES;
				COPY_PHASE_STRIP = NO;
				DEBUG_INFORMATION_FORMAT = dwarf;
				ENABLE_STRICT_OBJC_MSGSEND = YES;
				ENABLE_TESTABILITY = YES;
				GCC_C_LANGUAGE_STANDARD = gnu11;
				GCC_DYNAMIC_NO_PIC = NO;
				GCC_NO_COMMON_BLOCKS = YES;
				GCC_OPTIMIZATION_LEVEL = 0;
				GCC_PREPROCESSOR_DEFINITIONS = (
					"DEBUG=1",
					"$(inherited)",
				);
				GCC_WARN_64_TO_32_BIT_CONVERSION = YES;
				GCC_WARN_ABOUT_RETURN_TYPE = YES_ERROR;
				GCC_WARN_UNDECLARED_SELECTOR = YES;
				GCC_WARN_UNINITIALIZED_AUTOS = YES_AGGRESSIVE;
				GCC_WARN_UNUSED_FUNCTION = YES;
				GCC_WARN_UNUSED_VARIABLE = YES;
				MTL_ENABLE_DEBUG_INFO = INCLUDE_SOURCE;
				MTL_FAST_MATH = YES;
				ONLY_ACTIVE_ARCH = YES;
				SWIFT_ACTIVE_COMPILATION_CONDITIONS = DEBUG;
				SWIFT_OPTIMIZATION_LEVEL = "-Onone";
			};
			name = Debug;
		};
		3625A06B25B6D35300C5C3FE /* Release */ = {
			isa = XCBuildConfiguration;
			buildSettings = {
				ALWAYS_SEARCH_USER_PATHS = NO;
				CLANG_ANALYZER_NONNULL = YES;
				CLANG_ANALYZER_NUMBER_OBJECT_CONVERSION = YES_AGGRESSIVE;
				CLANG_CXX_LANGUAGE_STANDARD = "gnu++14";
				CLANG_CXX_LIBRARY = "libc++";
				CLANG_ENABLE_MODULES = YES;
				CLANG_ENABLE_OBJC_ARC = YES;
				CLANG_ENABLE_OBJC_WEAK = YES;
				CLANG_WARN_BLOCK_CAPTURE_AUTORELEASING = YES;
				CLANG_WARN_BOOL_CONVERSION = YES;
				CLANG_WARN_COMMA = YES;
				CLANG_WARN_CONSTANT_CONVERSION = YES;
				CLANG_WARN_DEPRECATED_OBJC_IMPLEMENTATIONS = YES;
				CLANG_WARN_DIRECT_OBJC_ISA_USAGE = YES_ERROR;
				CLANG_WARN_DOCUMENTATION_COMMENTS = YES;
				CLANG_WARN_EMPTY_BODY = YES;
				CLANG_WARN_ENUM_CONVERSION = YES;
				CLANG_WARN_INFINITE_RECURSION = YES;
				CLANG_WARN_INT_CONVERSION = YES;
				CLANG_WARN_NON_LITERAL_NULL_CONVERSION = YES;
				CLANG_WARN_OBJC_IMPLICIT_RETAIN_SELF = YES;
				CLANG_WARN_OBJC_LITERAL_CONVERSION = YES;
				CLANG_WARN_OBJC_ROOT_CLASS = YES_ERROR;
				CLANG_WARN_QUOTED_INCLUDE_IN_FRAMEWORK_HEADER = YES;
				CLANG_WARN_RANGE_LOOP_ANALYSIS = YES;
				CLANG_WARN_STRICT_PROTOTYPES = YES;
				CLANG_WARN_SUSPICIOUS_MOVE = YES;
				CLANG_WARN_UNGUARDED_AVAILABILITY = YES_AGGRESSIVE;
				CLANG_WARN_UNREACHABLE_CODE = YES;
				CLANG_WARN__DUPLICATE_METHOD_MATCH = YES;
				COPY_PHASE_STRIP = NO;
				DEBUG_INFORMATION_FORMAT = "dwarf-with-dsym";
				ENABLE_NS_ASSERTIONS = NO;
				ENABLE_STRICT_OBJC_MSGSEND = YES;
				GCC_C_LANGUAGE_STANDARD = gnu11;
				GCC_NO_COMMON_BLOCKS = YES;
				GCC_WARN_64_TO_32_BIT_CONVERSION = YES;
				GCC_WARN_ABOUT_RETURN_TYPE = YES_ERROR;
				GCC_WARN_UNDECLARED_SELECTOR = YES;
				GCC_WARN_UNINITIALIZED_AUTOS = YES_AGGRESSIVE;
				GCC_WARN_UNUSED_FUNCTION = YES;
				GCC_WARN_UNUSED_VARIABLE = YES;
				MTL_ENABLE_DEBUG_INFO = NO;
				MTL_FAST_MATH = YES;
				SWIFT_COMPILATION_MODE = wholemodule;
				SWIFT_OPTIMIZATION_LEVEL = "-O";
			};
			name = Release;
		};
		3625A06D25B6D35300C5C3FE /* Debug */ = {
			isa = XCBuildConfiguration;
			buildSettings = {
				ASSETCATALOG_COMPILER_APPICON_NAME = AppIcon;
				ASSETCATALOG_COMPILER_GLOBAL_ACCENT_COLOR_NAME = AccentColor;
				CODE_SIGN_STYLE = Automatic;
				CURRENT_PROJECT_VERSION = 1;
				DEVELOPMENT_TEAM = 86Z79M22CQ;
				ENABLE_PREVIEWS = YES;
				INFOPLIST_FILE = iOS/Info.plist;
				IPHONEOS_DEPLOYMENT_TARGET = 14.0;
				LD_RUNPATH_SEARCH_PATHS = (
					"$(inherited)",
					"@executable_path/Frameworks",
				);
				MARKETING_VERSION = 0.1;
				PRODUCT_BUNDLE_IDENTIFIER = "dev.sboh.Like-Hangul";
				PRODUCT_NAME = "Like Hangul";
				SDKROOT = iphoneos;
				SWIFT_VERSION = 5.0;
				TARGETED_DEVICE_FAMILY = "1,2";
			};
			name = Debug;
		};
		3625A06E25B6D35300C5C3FE /* Release */ = {
			isa = XCBuildConfiguration;
			buildSettings = {
				ASSETCATALOG_COMPILER_APPICON_NAME = AppIcon;
				ASSETCATALOG_COMPILER_GLOBAL_ACCENT_COLOR_NAME = AccentColor;
				CODE_SIGN_STYLE = Automatic;
				CURRENT_PROJECT_VERSION = 1;
				DEVELOPMENT_TEAM = 86Z79M22CQ;
				ENABLE_PREVIEWS = YES;
				INFOPLIST_FILE = iOS/Info.plist;
				IPHONEOS_DEPLOYMENT_TARGET = 14.0;
				LD_RUNPATH_SEARCH_PATHS = (
					"$(inherited)",
					"@executable_path/Frameworks",
				);
				MARKETING_VERSION = 0.1;
				PRODUCT_BUNDLE_IDENTIFIER = "dev.sboh.Like-Hangul";
				PRODUCT_NAME = "Like Hangul";
				SDKROOT = iphoneos;
				SWIFT_VERSION = 5.0;
				TARGETED_DEVICE_FAMILY = "1,2";
				VALIDATE_PRODUCT = YES;
			};
			name = Release;
		};
		3625A07025B6D35300C5C3FE /* Debug */ = {
			isa = XCBuildConfiguration;
			buildSettings = {
				ASSETCATALOG_COMPILER_APPICON_NAME = AppIcon;
				ASSETCATALOG_COMPILER_GLOBAL_ACCENT_COLOR_NAME = AccentColor;
				CODE_SIGN_ENTITLEMENTS = macOS/macOS.entitlements;
				CODE_SIGN_STYLE = Automatic;
				COMBINE_HIDPI_IMAGES = YES;
				CURRENT_PROJECT_VERSION = 1;
				DEVELOPMENT_TEAM = 86Z79M22CQ;
				ENABLE_HARDENED_RUNTIME = YES;
				ENABLE_PREVIEWS = YES;
				INFOPLIST_FILE = macOS/Info.plist;
				LD_RUNPATH_SEARCH_PATHS = (
					"$(inherited)",
					"@executable_path/../Frameworks",
				);
				MACOSX_DEPLOYMENT_TARGET = 11.0;
				MARKETING_VERSION = 0.1;
				PRODUCT_BUNDLE_IDENTIFIER = "dev.sboh.Like-Hangul";
				PRODUCT_NAME = "Like Hangul";
				SDKROOT = macosx;
				SWIFT_VERSION = 5.0;
			};
			name = Debug;
		};
		3625A07125B6D35300C5C3FE /* Release */ = {
			isa = XCBuildConfiguration;
			buildSettings = {
				ASSETCATALOG_COMPILER_APPICON_NAME = AppIcon;
				ASSETCATALOG_COMPILER_GLOBAL_ACCENT_COLOR_NAME = AccentColor;
				CODE_SIGN_ENTITLEMENTS = macOS/macOS.entitlements;
				CODE_SIGN_STYLE = Automatic;
				COMBINE_HIDPI_IMAGES = YES;
				CURRENT_PROJECT_VERSION = 1;
				DEVELOPMENT_TEAM = 86Z79M22CQ;
				ENABLE_HARDENED_RUNTIME = YES;
				ENABLE_PREVIEWS = YES;
				INFOPLIST_FILE = macOS/Info.plist;
				LD_RUNPATH_SEARCH_PATHS = (
					"$(inherited)",
					"@executable_path/../Frameworks",
				);
				MACOSX_DEPLOYMENT_TARGET = 11.0;
				MARKETING_VERSION = 0.1;
				PRODUCT_BUNDLE_IDENTIFIER = "dev.sboh.Like-Hangul";
				PRODUCT_NAME = "Like Hangul";
				SDKROOT = macosx;
				SWIFT_VERSION = 5.0;
			};
			name = Release;
		};
		3625A07325B6D35300C5C3FE /* Debug */ = {
			isa = XCBuildConfiguration;
			buildSettings = {
				ALWAYS_EMBED_SWIFT_STANDARD_LIBRARIES = YES;
				CODE_SIGN_STYLE = Automatic;
				DEVELOPMENT_TEAM = 86Z79M22CQ;
				INFOPLIST_FILE = "Tests iOS/Info.plist";
				IPHONEOS_DEPLOYMENT_TARGET = 14.3;
				LD_RUNPATH_SEARCH_PATHS = (
					"$(inherited)",
					"@executable_path/Frameworks",
					"@loader_path/Frameworks",
				);
				PRODUCT_BUNDLE_IDENTIFIER = "dev.sboh.Tests-iOS";
				PRODUCT_NAME = "$(TARGET_NAME)";
				SDKROOT = iphoneos;
				SWIFT_VERSION = 5.0;
				TARGETED_DEVICE_FAMILY = "1,2";
				TEST_TARGET_NAME = "Like-Hangul (iOS)";
			};
			name = Debug;
		};
		3625A07425B6D35300C5C3FE /* Release */ = {
			isa = XCBuildConfiguration;
			buildSettings = {
				ALWAYS_EMBED_SWIFT_STANDARD_LIBRARIES = YES;
				CODE_SIGN_STYLE = Automatic;
				DEVELOPMENT_TEAM = 86Z79M22CQ;
				INFOPLIST_FILE = "Tests iOS/Info.plist";
				IPHONEOS_DEPLOYMENT_TARGET = 14.3;
				LD_RUNPATH_SEARCH_PATHS = (
					"$(inherited)",
					"@executable_path/Frameworks",
					"@loader_path/Frameworks",
				);
				PRODUCT_BUNDLE_IDENTIFIER = "dev.sboh.Tests-iOS";
				PRODUCT_NAME = "$(TARGET_NAME)";
				SDKROOT = iphoneos;
				SWIFT_VERSION = 5.0;
				TARGETED_DEVICE_FAMILY = "1,2";
				TEST_TARGET_NAME = "Like-Hangul (iOS)";
				VALIDATE_PRODUCT = YES;
			};
			name = Release;
		};
		3625A07625B6D35300C5C3FE /* Debug */ = {
			isa = XCBuildConfiguration;
			buildSettings = {
				ALWAYS_EMBED_SWIFT_STANDARD_LIBRARIES = YES;
				CODE_SIGN_STYLE = Automatic;
				COMBINE_HIDPI_IMAGES = YES;
				DEVELOPMENT_TEAM = 86Z79M22CQ;
				INFOPLIST_FILE = "Tests macOS/Info.plist";
				LD_RUNPATH_SEARCH_PATHS = (
					"$(inherited)",
					"@executable_path/../Frameworks",
					"@loader_path/../Frameworks",
				);
				MACOSX_DEPLOYMENT_TARGET = 11.1;
				PRODUCT_BUNDLE_IDENTIFIER = "dev.sboh.Tests-macOS";
				PRODUCT_NAME = "$(TARGET_NAME)";
				SDKROOT = macosx;
				SWIFT_VERSION = 5.0;
				TEST_TARGET_NAME = "Like-Hangul (macOS)";
			};
			name = Debug;
		};
		3625A07725B6D35300C5C3FE /* Release */ = {
			isa = XCBuildConfiguration;
			buildSettings = {
				ALWAYS_EMBED_SWIFT_STANDARD_LIBRARIES = YES;
				CODE_SIGN_STYLE = Automatic;
				COMBINE_HIDPI_IMAGES = YES;
				DEVELOPMENT_TEAM = 86Z79M22CQ;
				INFOPLIST_FILE = "Tests macOS/Info.plist";
				LD_RUNPATH_SEARCH_PATHS = (
					"$(inherited)",
					"@executable_path/../Frameworks",
					"@loader_path/../Frameworks",
				);
				MACOSX_DEPLOYMENT_TARGET = 11.1;
				PRODUCT_BUNDLE_IDENTIFIER = "dev.sboh.Tests-macOS";
				PRODUCT_NAME = "$(TARGET_NAME)";
				SDKROOT = macosx;
				SWIFT_VERSION = 5.0;
				TEST_TARGET_NAME = "Like-Hangul (macOS)";
			};
			name = Release;
		};
/* End XCBuildConfiguration section */

/* Begin XCConfigurationList section */
		3625A03625B6D35200C5C3FE /* Build configuration list for PBXProject "Like Hangul" */ = {
			isa = XCConfigurationList;
			buildConfigurations = (
				3625A06A25B6D35300C5C3FE /* Debug */,
				3625A06B25B6D35300C5C3FE /* Release */,
			);
			defaultConfigurationIsVisible = 0;
			defaultConfigurationName = Release;
		};
		3625A06C25B6D35300C5C3FE /* Build configuration list for PBXNativeTarget "Like Hangul (iOS)" */ = {
			isa = XCConfigurationList;
			buildConfigurations = (
				3625A06D25B6D35300C5C3FE /* Debug */,
				3625A06E25B6D35300C5C3FE /* Release */,
			);
			defaultConfigurationIsVisible = 0;
			defaultConfigurationName = Release;
		};
		3625A06F25B6D35300C5C3FE /* Build configuration list for PBXNativeTarget "Like Hangul (macOS)" */ = {
			isa = XCConfigurationList;
			buildConfigurations = (
				3625A07025B6D35300C5C3FE /* Debug */,
				3625A07125B6D35300C5C3FE /* Release */,
			);
			defaultConfigurationIsVisible = 0;
			defaultConfigurationName = Release;
		};
		3625A07225B6D35300C5C3FE /* Build configuration list for PBXNativeTarget "Tests iOS" */ = {
			isa = XCConfigurationList;
			buildConfigurations = (
				3625A07325B6D35300C5C3FE /* Debug */,
				3625A07425B6D35300C5C3FE /* Release */,
			);
			defaultConfigurationIsVisible = 0;
			defaultConfigurationName = Release;
		};
		3625A07525B6D35300C5C3FE /* Build configuration list for PBXNativeTarget "Tests macOS" */ = {
			isa = XCConfigurationList;
			buildConfigurations = (
				3625A07625B6D35300C5C3FE /* Debug */,
				3625A07725B6D35300C5C3FE /* Release */,
			);
			defaultConfigurationIsVisible = 0;
			defaultConfigurationName = Release;
		};
/* End XCConfigurationList section */

/* Begin XCRemoteSwiftPackageReference section */
		36D48D7825B6D56F000434B4 /* XCRemoteSwiftPackageReference "Hwp-Swift" */ = {
			isa = XCRemoteSwiftPackageReference;
			repositoryURL = "https://github.com/sboh1214/Hwp-Swift.git";
			requirement = {
				kind = exactVersion;
				version = 0.11.0;
			};
		};
/* End XCRemoteSwiftPackageReference section */

/* Begin XCSwiftPackageProductDependency section */
		36D48D7925B6D56F000434B4 /* CoreHwp */ = {
			isa = XCSwiftPackageProductDependency;
			package = 36D48D7825B6D56F000434B4 /* XCRemoteSwiftPackageReference "Hwp-Swift" */;
			productName = CoreHwp;
		};
		36D48D8025B6D577000434B4 /* CoreHwp */ = {
			isa = XCSwiftPackageProductDependency;
			package = 36D48D7825B6D56F000434B4 /* XCRemoteSwiftPackageReference "Hwp-Swift" */;
			productName = CoreHwp;
		};
/* End XCSwiftPackageProductDependency section */
	};
	rootObject = 3625A03325B6D35200C5C3FE /* Project object */;
}
