// !$*UTF8*$!
{
	archiveVersion = 1;
	classes = {
	};
	objectVersion = 51;
	objects = {

/* Begin PBXBuildFile section */
		05A3D781AEF0C96424781468 /* Localizable.strings in Resources */ = {isa = PBXBuildFile; fileRef = 3DD3E532D14FAF84727F0755 /* Localizable.strings */; };
		10ACBE0669842F26691C50EC /* ContentView.swift in Sources */ = {isa = PBXBuildFile; fileRef = D8106D7FE03D8352DEDA7925 /* ContentView.swift */; };
		117E2CB4DE7FDEC6A69E4128 /* SummaryView.swift in Sources */ = {isa = PBXBuildFile; fileRef = D150E33E5FFC2CAC7B2D6BD9 /* SummaryView.swift */; };
		19A59A638F56344F4933BB4F /* PageView.swift in Sources */ = {isa = PBXBuildFile; fileRef = 28D5A98FF6834CF12B459FD5 /* PageView.swift */; };
		1C81F4CB600ED133301F65C0 /* AdvancedView.swift in Sources */ = {isa = PBXBuildFile; fileRef = 6AAAE34DF09C1CA35DC2E6B6 /* AdvancedView.swift */; };
		2866056945A704FD2B735277 /* LikeHangulDocument.swift in Sources */ = {isa = PBXBuildFile; fileRef = F3A5E272F009F7BC2E82A7EB /* LikeHangulDocument.swift */; };
		2CADE05D22790F2E22EC04CC /* HANBatangB.ttf in Resources */ = {isa = PBXBuildFile; fileRef = D38D596793A6FA4078F8412D /* HANBatangB.ttf */; };
		30042982793B8724FFEF2235 /* UIHwpView.swift in Sources */ = {isa = PBXBuildFile; fileRef = 9E6EC3E8BA3AEA0CBC2E8FBA /* UIHwpView.swift */; };
		34CD6B85978D79A436BC07F7 /* String+Extension.swift in Sources */ = {isa = PBXBuildFile; fileRef = 937150E522A92B412FE4EDF5 /* String+Extension.swift */; };
		3D2AD49F81147E36DA810CDF /* HANDotumB.ttf in Resources */ = {isa = PBXBuildFile; fileRef = 8DB916C6F11C5BFD05AC353A /* HANDotumB.ttf */; };
		4AF5E93A4523D7A4735197C8 /* Localizable.strings in Resources */ = {isa = PBXBuildFile; fileRef = 3DD3E532D14FAF84727F0755 /* Localizable.strings */; };
		4B96616886EAC785180F220F /* InfoPlist.strings in Resources */ = {isa = PBXBuildFile; fileRef = B7D737C592CBCCFD542F9631 /* InfoPlist.strings */; };
		4D20C01800474BC28B4617C1 /* UIHwpView.swift in Sources */ = {isa = PBXBuildFile; fileRef = 9E6EC3E8BA3AEA0CBC2E8FBA /* UIHwpView.swift */; };
		529BE47F04D4B38CED40F166 /* LikeHangulApp.swift in Sources */ = {isa = PBXBuildFile; fileRef = ED43A583B5DE15A7634FE2CF /* LikeHangulApp.swift */; };
		58F58F20DF17BFE47BC2BF64 /* CoreHwp in Frameworks */ = {isa = PBXBuildFile; productRef = 3C85C139799E41CCEC44E839 /* CoreHwp */; };
		5A68A9F70C20B9951C7B2087 /* InfoPlist.strings in Resources */ = {isa = PBXBuildFile; fileRef = B7D737C592CBCCFD542F9631 /* InfoPlist.strings */; };
		5CD4563319F29C8F4B76D494 /* Assets.xcassets in Resources */ = {isa = PBXBuildFile; fileRef = 5F29D94D93EC1014C16394F6 /* Assets.xcassets */; };
		5E5F8F034642CFCEF315A68F /* TOCView.swift in Sources */ = {isa = PBXBuildFile; fileRef = 0BA3602E9B2763227EDBDA05 /* TOCView.swift */; };
		60353390851DAA5E494DB75B /* SidebarView.swift in Sources */ = {isa = PBXBuildFile; fileRef = CD99093A6F6C38BEE73A8279 /* SidebarView.swift */; };
		63F3DD89EBD8F0F63405AD8D /* HANBatangB.ttf in Resources */ = {isa = PBXBuildFile; fileRef = D38D596793A6FA4078F8412D /* HANBatangB.ttf */; };
		65C1752E4F8A6FE0CB5FE904 /* String+Extension.swift in Sources */ = {isa = PBXBuildFile; fileRef = 937150E522A92B412FE4EDF5 /* String+Extension.swift */; };
		6608334AB038DD80C827554F /* Dictionary+Extension.swift in Sources */ = {isa = PBXBuildFile; fileRef = 9455D477F4550BDD0BFEA187 /* Dictionary+Extension.swift */; };
		77764FADA5617A27E9F26E57 /* MainView.swift in Sources */ = {isa = PBXBuildFile; fileRef = A20E739E1BB218B8B18C23B4 /* MainView.swift */; };
		7D4958E4BFEE346BA6CD21F0 /* TextViewManager.swift in Sources */ = {isa = PBXBuildFile; fileRef = 309AFCA80EB061A7DB42F9C6 /* TextViewManager.swift */; };
		85101E45EA7C8829CF22CDC4 /* AdvancedView.swift in Sources */ = {isa = PBXBuildFile; fileRef = 6AAAE34DF09C1CA35DC2E6B6 /* AdvancedView.swift */; };
		8A3532C60C17AD91DCD454A6 /* PreferencesView.swift in Sources */ = {isa = PBXBuildFile; fileRef = FE481BDABD555219ED8E1054 /* PreferencesView.swift */; };
		8B0C7428A0B5DF500F0F5443 /* TOCView.swift in Sources */ = {isa = PBXBuildFile; fileRef = 0BA3602E9B2763227EDBDA05 /* TOCView.swift */; };
		8CFA532501D9F7ADBE4B2FF4 /* Assets.xcassets in Resources */ = {isa = PBXBuildFile; fileRef = 5F29D94D93EC1014C16394F6 /* Assets.xcassets */; };
		8E97E0DEE6C632D6FE828359 /* AboutView.swift in Sources */ = {isa = PBXBuildFile; fileRef = CD1DAC183CF767D5DC442A90 /* AboutView.swift */; };
		9103001FF1FC2CF84BEB88E8 /* Shared.swift in Sources */ = {isa = PBXBuildFile; fileRef = A3FEA1FA12E5153F362E2377 /* Shared.swift */; };
		99D2898D27BD95FC003A2859 /* HANBatang.ttf in Resources */ = {isa = PBXBuildFile; fileRef = A7C4E563B39D5CF71F27B817 /* HANBatang.ttf */; };
		A7B6F1364C109EF37EA528DC /* HANDotumB.ttf in Resources */ = {isa = PBXBuildFile; fileRef = 8DB916C6F11C5BFD05AC353A /* HANDotumB.ttf */; };
		A8D1A273043BB0EA100A693C /* GeneralInfoView.swift in Sources */ = {isa = PBXBuildFile; fileRef = D4CD554BF751845DD95D011B /* GeneralInfoView.swift */; };
		B43B6193968DA2AB36FC0B63 /* GeneralView.swift in Sources */ = {isa = PBXBuildFile; fileRef = 17939AE1D09053142A8C7595 /* GeneralView.swift */; };
		B9EF7FBFF20105E171946816 /* FileInfoView.swift in Sources */ = {isa = PBXBuildFile; fileRef = 8CCA83687F3BB60941C96B14 /* FileInfoView.swift */; };
		BD3B635F30E950D4190C3EA3 /* CoreHwp in Frameworks */ = {isa = PBXBuildFile; productRef = AF0F23FAEDF1963F48DB2A1A /* CoreHwp */; };
		C0303967804D0B3D2B4D639F /* PreferencesView.swift in Sources */ = {isa = PBXBuildFile; fileRef = FE481BDABD555219ED8E1054 /* PreferencesView.swift */; };
		C568925845D71739EC773981 /* SidebarView.swift in Sources */ = {isa = PBXBuildFile; fileRef = CD99093A6F6C38BEE73A8279 /* SidebarView.swift */; };
		C6FFD355141CC89724E1C37B /* LikeHangulDocument.swift in Sources */ = {isa = PBXBuildFile; fileRef = F3A5E272F009F7BC2E82A7EB /* LikeHangulDocument.swift */; };
		CBC47ACCB66751C96F957C62 /* HANDotum.ttf in Resources */ = {isa = PBXBuildFile; fileRef = 2EC96A5A0374C65ABD6B0D58 /* HANDotum.ttf */; };
		CCA227AC39F9A3213D8F66E7 /* LikeHangulApp.swift in Sources */ = {isa = PBXBuildFile; fileRef = ED43A583B5DE15A7634FE2CF /* LikeHangulApp.swift */; };
		CFCA029098E93B9F7266A65B /* AboutView.swift in Sources */ = {isa = PBXBuildFile; fileRef = CD1DAC183CF767D5DC442A90 /* AboutView.swift */; };
		D0793637563885A99B36AB57 /* PageView.swift in Sources */ = {isa = PBXBuildFile; fileRef = 28D5A98FF6834CF12B459FD5 /* PageView.swift */; };
		D29ABE59337393F385FED3BF /* ContentView.swift in Sources */ = {isa = PBXBuildFile; fileRef = D8106D7FE03D8352DEDA7925 /* ContentView.swift */; };
		DCE6AD00A0B7F589F8783C93 /* FileInfoView.swift in Sources */ = {isa = PBXBuildFile; fileRef = 8CCA83687F3BB60941C96B14 /* FileInfoView.swift */; };
		E09AE9EACBF85A552CC51AAE /* NSHwpView.swift in Sources */ = {isa = PBXBuildFile; fileRef = 5223453C49FD1FA261CDE5AB /* NSHwpView.swift */; };
		E0E5D5363083DA4818D1310B /* SummaryView.swift in Sources */ = {isa = PBXBuildFile; fileRef = D150E33E5FFC2CAC7B2D6BD9 /* SummaryView.swift */; };
		E1D288E1DD4FDFA8610AC30D /* GeneralInfoView.swift in Sources */ = {isa = PBXBuildFile; fileRef = D4CD554BF751845DD95D011B /* GeneralInfoView.swift */; };
		E7BBB2C042CF6D64D5A245BB /* HANBatang.ttf in Resources */ = {isa = PBXBuildFile; fileRef = A7C4E563B39D5CF71F27B817 /* HANBatang.ttf */; };
		EE277BB4631430F59F4BF7F0 /* Shared.swift in Sources */ = {isa = PBXBuildFile; fileRef = A3FEA1FA12E5153F362E2377 /* Shared.swift */; };
		F7B4B8FDD8E8BB3A61EFFDCC /* NSHwpView.swift in Sources */ = {isa = PBXBuildFile; fileRef = 5223453C49FD1FA261CDE5AB /* NSHwpView.swift */; };
		F88C324651158EAB9C6243F5 /* GeneralView.swift in Sources */ = {isa = PBXBuildFile; fileRef = 17939AE1D09053142A8C7595 /* GeneralView.swift */; };
		FA5558DD452DC42B00B60F7E /* Dictionary+Extension.swift in Sources */ = {isa = PBXBuildFile; fileRef = 9455D477F4550BDD0BFEA187 /* Dictionary+Extension.swift */; };
		FB549E51CA0FC066C737C097 /* HANDotum.ttf in Resources */ = {isa = PBXBuildFile; fileRef = 2EC96A5A0374C65ABD6B0D58 /* HANDotum.ttf */; };
		FBC0213F0952592F2B39C411 /* MainView.swift in Sources */ = {isa = PBXBuildFile; fileRef = A20E739E1BB218B8B18C23B4 /* MainView.swift */; };
		FC81C60714C388D01FD04B86 /* TextViewManager.swift in Sources */ = {isa = PBXBuildFile; fileRef = 309AFCA80EB061A7DB42F9C6 /* TextViewManager.swift */; };
/* End PBXBuildFile section */

/* Begin PBXFileReference section */
		0BA3602E9B2763227EDBDA05 /* TOCView.swift */ = {isa = PBXFileReference; lastKnownFileType = sourcecode.swift; path = TOCView.swift; sourceTree = "<group>"; };
		17939AE1D09053142A8C7595 /* GeneralView.swift */ = {isa = PBXFileReference; lastKnownFileType = sourcecode.swift; path = GeneralView.swift; sourceTree = "<group>"; };
		28D5A98FF6834CF12B459FD5 /* PageView.swift */ = {isa = PBXFileReference; lastKnownFileType = sourcecode.swift; path = PageView.swift; sourceTree = "<group>"; };
		2EC96A5A0374C65ABD6B0D58 /* HANDotum.ttf */ = {isa = PBXFileReference; lastKnownFileType = file; path = HANDotum.ttf; sourceTree = "<group>"; };
		309AFCA80EB061A7DB42F9C6 /* TextViewManager.swift */ = {isa = PBXFileReference; lastKnownFileType = sourcecode.swift; path = TextViewManager.swift; sourceTree = "<group>"; };
		3D494FD227FF957895A48C52 /* Info.plist */ = {isa = PBXFileReference; lastKnownFileType = text.plist; path = Info.plist; sourceTree = "<group>"; };
		4183A12ED9F12841552837D4 /* en */ = {isa = PBXFileReference; lastKnownFileType = text.plist.strings; name = en; path = en.lproj/InfoPlist.strings; sourceTree = "<group>"; };
		5223453C49FD1FA261CDE5AB /* NSHwpView.swift */ = {isa = PBXFileReference; lastKnownFileType = sourcecode.swift; path = NSHwpView.swift; sourceTree = "<group>"; };
		5F29D94D93EC1014C16394F6 /* Assets.xcassets */ = {isa = PBXFileReference; lastKnownFileType = folder.assetcatalog; path = Assets.xcassets; sourceTree = "<group>"; };
		6AAAE34DF09C1CA35DC2E6B6 /* AdvancedView.swift */ = {isa = PBXFileReference; lastKnownFileType = sourcecode.swift; path = AdvancedView.swift; sourceTree = "<group>"; };
		6F84B44E0760AE1BA8C3E6C3 /* Info.plist */ = {isa = PBXFileReference; lastKnownFileType = text.plist; path = Info.plist; sourceTree = "<group>"; };
		7430ED8EB4D551B5AEDA4EB4 /* macOS.entitlements */ = {isa = PBXFileReference; lastKnownFileType = text.plist.entitlements; path = macOS.entitlements; sourceTree = "<group>"; };
		81F486D1A33936466D05C7DC /* en */ = {isa = PBXFileReference; lastKnownFileType = text.plist.strings; name = en; path = en.lproj/Localizable.strings; sourceTree = "<group>"; };
		8CCA83687F3BB60941C96B14 /* FileInfoView.swift */ = {isa = PBXFileReference; lastKnownFileType = sourcecode.swift; path = FileInfoView.swift; sourceTree = "<group>"; };
		8DB916C6F11C5BFD05AC353A /* HANDotumB.ttf */ = {isa = PBXFileReference; lastKnownFileType = file; path = HANDotumB.ttf; sourceTree = "<group>"; };
		937150E522A92B412FE4EDF5 /* String+Extension.swift */ = {isa = PBXFileReference; lastKnownFileType = sourcecode.swift; path = "String+Extension.swift"; sourceTree = "<group>"; };
		9455D477F4550BDD0BFEA187 /* Dictionary+Extension.swift */ = {isa = PBXFileReference; lastKnownFileType = sourcecode.swift; path = "Dictionary+Extension.swift"; sourceTree = "<group>"; };
		9E6EC3E8BA3AEA0CBC2E8FBA /* UIHwpView.swift */ = {isa = PBXFileReference; lastKnownFileType = sourcecode.swift; path = UIHwpView.swift; sourceTree = "<group>"; };
		A20E739E1BB218B8B18C23B4 /* MainView.swift */ = {isa = PBXFileReference; lastKnownFileType = sourcecode.swift; path = MainView.swift; sourceTree = "<group>"; };
		A3FEA1FA12E5153F362E2377 /* Shared.swift */ = {isa = PBXFileReference; lastKnownFileType = sourcecode.swift; path = Shared.swift; sourceTree = "<group>"; };
		A7C4E563B39D5CF71F27B817 /* HANBatang.ttf */ = {isa = PBXFileReference; lastKnownFileType = file; path = HANBatang.ttf; sourceTree = "<group>"; };
		B96DF769FEA37C474E647743 /* ko */ = {isa = PBXFileReference; lastKnownFileType = text.plist.strings; name = ko; path = ko.lproj/InfoPlist.strings; sourceTree = "<group>"; };
		BA37DAFD1E79AC7DE5D311E6 /* Hangul Platypus (macOS).app */ = {isa = PBXFileReference; explicitFileType = wrapper.application; includeInIndex = 0; path = "Hangul Platypus (macOS).app"; sourceTree = BUILT_PRODUCTS_DIR; };
		BD045DD709950386EA634E24 /* ko */ = {isa = PBXFileReference; lastKnownFileType = text.plist.strings; name = ko; path = ko.lproj/Localizable.strings; sourceTree = "<group>"; };
		CA27FE26636A6F04F1091163 /* Tests macOS.xctest */ = {isa = PBXFileReference; explicitFileType = wrapper.cfbundle; includeInIndex = 0; path = "Tests macOS.xctest"; sourceTree = BUILT_PRODUCTS_DIR; };
		CC6900DC80B08FE21DE1C202 /* Hangul Platypus (iOS).app */ = {isa = PBXFileReference; includeInIndex = 0; lastKnownFileType = wrapper.application; path = "Hangul Platypus (iOS).app"; sourceTree = BUILT_PRODUCTS_DIR; };
		CD1DAC183CF767D5DC442A90 /* AboutView.swift */ = {isa = PBXFileReference; lastKnownFileType = sourcecode.swift; path = AboutView.swift; sourceTree = "<group>"; };
		CD99093A6F6C38BEE73A8279 /* SidebarView.swift */ = {isa = PBXFileReference; lastKnownFileType = sourcecode.swift; path = SidebarView.swift; sourceTree = "<group>"; };
		D150E33E5FFC2CAC7B2D6BD9 /* SummaryView.swift */ = {isa = PBXFileReference; lastKnownFileType = sourcecode.swift; path = SummaryView.swift; sourceTree = "<group>"; };
		D38D596793A6FA4078F8412D /* HANBatangB.ttf */ = {isa = PBXFileReference; lastKnownFileType = file; path = HANBatangB.ttf; sourceTree = "<group>"; };
		D4CD554BF751845DD95D011B /* GeneralInfoView.swift */ = {isa = PBXFileReference; lastKnownFileType = sourcecode.swift; path = GeneralInfoView.swift; sourceTree = "<group>"; };
		D8106D7FE03D8352DEDA7925 /* ContentView.swift */ = {isa = PBXFileReference; lastKnownFileType = sourcecode.swift; path = ContentView.swift; sourceTree = "<group>"; };
		ED43A583B5DE15A7634FE2CF /* LikeHangulApp.swift */ = {isa = PBXFileReference; lastKnownFileType = sourcecode.swift; path = LikeHangulApp.swift; sourceTree = "<group>"; };
		F3A5E272F009F7BC2E82A7EB /* LikeHangulDocument.swift */ = {isa = PBXFileReference; lastKnownFileType = sourcecode.swift; path = LikeHangulDocument.swift; sourceTree = "<group>"; };
		FE481BDABD555219ED8E1054 /* PreferencesView.swift */ = {isa = PBXFileReference; lastKnownFileType = sourcecode.swift; path = PreferencesView.swift; sourceTree = "<group>"; };
		FF0E1290F28EF46EBD57DD01 /* Tests iOS.xctest */ = {isa = PBXFileReference; includeInIndex = 0; lastKnownFileType = wrapper.cfbundle; path = "Tests iOS.xctest"; sourceTree = BUILT_PRODUCTS_DIR; };
/* End PBXFileReference section */

/* Begin PBXFrameworksBuildPhase section */
		61797703CB28C94019A3A253 /* Frameworks */ = {
			isa = PBXFrameworksBuildPhase;
			buildActionMask = 2147483647;
			files = (
				BD3B635F30E950D4190C3EA3 /* CoreHwp in Frameworks */,
			);
			runOnlyForDeploymentPostprocessing = 0;
		};
		D1DE8FA9777313AD806A586E /* Frameworks */ = {
			isa = PBXFrameworksBuildPhase;
			buildActionMask = 2147483647;
			files = (
				58F58F20DF17BFE47BC2BF64 /* CoreHwp in Frameworks */,
			);
			runOnlyForDeploymentPostprocessing = 0;
		};
/* End PBXFrameworksBuildPhase section */

/* Begin PBXGroup section */
		1B64C600A8805DCAEDCDAC02 /* Sidebar */ = {
			isa = PBXGroup;
			children = (
				28D5A98FF6834CF12B459FD5 /* PageView.swift */,
				CD99093A6F6C38BEE73A8279 /* SidebarView.swift */,
				0BA3602E9B2763227EDBDA05 /* TOCView.swift */,
			);
			path = Sidebar;
			sourceTree = "<group>";
		};
		4A23200631A4102EBC22C40F /* Products */ = {
			isa = PBXGroup;
			children = (
				CC6900DC80B08FE21DE1C202 /* Hangul Platypus (iOS).app */,
				BA37DAFD1E79AC7DE5D311E6 /* Hangul Platypus (macOS).app */,
				FF0E1290F28EF46EBD57DD01 /* Tests iOS.xctest */,
				CA27FE26636A6F04F1091163 /* Tests macOS.xctest */,
			);
			name = Products;
			sourceTree = "<group>";
		};
		4C89D1A88956155C6ED060B9 /* Fonts */ = {
			isa = PBXGroup;
			children = (
				A7C4E563B39D5CF71F27B817 /* HANBatang.ttf */,
				D38D596793A6FA4078F8412D /* HANBatangB.ttf */,
				2EC96A5A0374C65ABD6B0D58 /* HANDotum.ttf */,
				8DB916C6F11C5BFD05AC353A /* HANDotumB.ttf */,
			);
			path = Fonts;
			sourceTree = "<group>";
		};
		5F547B0CE5D04C907297DBDC /* Shared */ = {
			isa = PBXGroup;
			children = (
				CD1DAC183CF767D5DC442A90 /* AboutView.swift */,
				5F29D94D93EC1014C16394F6 /* Assets.xcassets */,
				B7D737C592CBCCFD542F9631 /* InfoPlist.strings */,
				ED43A583B5DE15A7634FE2CF /* LikeHangulApp.swift */,
				F3A5E272F009F7BC2E82A7EB /* LikeHangulDocument.swift */,
				3DD3E532D14FAF84727F0755 /* Localizable.strings */,
				A20E739E1BB218B8B18C23B4 /* MainView.swift */,
				80F75B06571340A74B7A7609 /* Content */,
				6DDC454BF76E9332C7063200 /* FileInfo */,
				4C89D1A88956155C6ED060B9 /* Fonts */,
				A34767FD7AB090B84179D9E9 /* Preferences */,
				1B64C600A8805DCAEDCDAC02 /* Sidebar */,
				726491C83D3F5EF04D8C9D54 /* Utils */,
			);
			path = Shared;
			sourceTree = "<group>";
		};
		67436254D33D1150DADCC290 /* Shared */ = {
			isa = PBXGroup;
			children = (
				A3FEA1FA12E5153F362E2377 /* Shared.swift */,
				309AFCA80EB061A7DB42F9C6 /* TextViewManager.swift */,
			);
			path = Shared;
			sourceTree = "<group>";
		};
		6DDC454BF76E9332C7063200 /* FileInfo */ = {
			isa = PBXGroup;
			children = (
				8CCA83687F3BB60941C96B14 /* FileInfoView.swift */,
				D4CD554BF751845DD95D011B /* GeneralInfoView.swift */,
				D150E33E5FFC2CAC7B2D6BD9 /* SummaryView.swift */,
			);
			path = FileInfo;
			sourceTree = "<group>";
		};
		726491C83D3F5EF04D8C9D54 /* Utils */ = {
			isa = PBXGroup;
			children = (
				9455D477F4550BDD0BFEA187 /* Dictionary+Extension.swift */,
				937150E522A92B412FE4EDF5 /* String+Extension.swift */,
			);
			path = Utils;
			sourceTree = "<group>";
		};
		7C6E843AC77B8A4AB74E38F3 /* macOS */ = {
			isa = PBXGroup;
			children = (
				6F84B44E0760AE1BA8C3E6C3 /* Info.plist */,
				7430ED8EB4D551B5AEDA4EB4 /* macOS.entitlements */,
			);
			path = macOS;
			sourceTree = "<group>";
		};
		80F75B06571340A74B7A7609 /* Content */ = {
			isa = PBXGroup;
			children = (
				D8106D7FE03D8352DEDA7925 /* ContentView.swift */,
				5223453C49FD1FA261CDE5AB /* NSHwpView.swift */,
				9E6EC3E8BA3AEA0CBC2E8FBA /* UIHwpView.swift */,
				67436254D33D1150DADCC290 /* Shared */,
			);
			path = Content;
			sourceTree = "<group>";
		};
		A34767FD7AB090B84179D9E9 /* Preferences */ = {
			isa = PBXGroup;
			children = (
				6AAAE34DF09C1CA35DC2E6B6 /* AdvancedView.swift */,
				17939AE1D09053142A8C7595 /* GeneralView.swift */,
				FE481BDABD555219ED8E1054 /* PreferencesView.swift */,
			);
			path = Preferences;
			sourceTree = "<group>";
		};
		BB2ECF4CB23190057A67473C /* iOS */ = {
			isa = PBXGroup;
			children = (
				3D494FD227FF957895A48C52 /* Info.plist */,
			);
			path = iOS;
			sourceTree = "<group>";
		};
		EFADED239DCF4BFF89D0F820 = {
			isa = PBXGroup;
			children = (
				BB2ECF4CB23190057A67473C /* iOS */,
				7C6E843AC77B8A4AB74E38F3 /* macOS */,
				5F547B0CE5D04C907297DBDC /* Shared */,
				4A23200631A4102EBC22C40F /* Products */,
			);
			sourceTree = "<group>";
		};
/* End PBXGroup section */

/* Begin PBXNativeTarget section */
		31B0C0BACCDE38B6694D7902 /* Tests macOS */ = {
			isa = PBXNativeTarget;
			buildConfigurationList = E5C787D2B65DDADEAAFB426C /* Build configuration list for PBXNativeTarget "Tests macOS" */;
			buildPhases = (
				7696C23244795D5758F6FA31 /* Sources */,
			);
			buildRules = (
			);
			dependencies = (
			);
			name = "Tests macOS";
			productName = "Tests macOS";
			productReference = CA27FE26636A6F04F1091163 /* Tests macOS.xctest */;
			productType = "com.apple.product-type.bundle.ui-testing";
		};
		452B34CD36922972417C4359 /* Tests iOS */ = {
			isa = PBXNativeTarget;
			buildConfigurationList = 8EF794028D1653841A102339 /* Build configuration list for PBXNativeTarget "Tests iOS" */;
			buildPhases = (
				7DA2CB0C1B4BB646124BC976 /* Sources */,
			);
			buildRules = (
			);
			dependencies = (
			);
			name = "Tests iOS";
			productName = "Tests iOS";
			productReference = FF0E1290F28EF46EBD57DD01 /* Tests iOS.xctest */;
			productType = "com.apple.product-type.bundle.ui-testing";
		};
		533C0A1A1598348400FC86D2 /* Hangul Platypus (iOS) */ = {
			isa = PBXNativeTarget;
			buildConfigurationList = 436B9E0AFE364BA4C0BB5674 /* Build configuration list for PBXNativeTarget "Hangul Platypus (iOS)" */;
			buildPhases = (
				5CD5F844B7A4BE6F71FE262B /* Run Script */,
				012659F6A3DCF2283AEADC77 /* Sources */,
				8FEBEE299C2A40289B1A40E9 /* Resources */,
				D1DE8FA9777313AD806A586E /* Frameworks */,
			);
			buildRules = (
			);
			dependencies = (
			);
			name = "Hangul Platypus (iOS)";
			packageProductDependencies = (
				3C85C139799E41CCEC44E839 /* CoreHwp */,
			);
			productName = "Hangul Platypus (iOS)";
			productReference = CC6900DC80B08FE21DE1C202 /* Hangul Platypus (iOS).app */;
			productType = "com.apple.product-type.application";
		};
		93CC57129F2242AAD666FF3A /* Hangul Platypus (macOS) */ = {
			isa = PBXNativeTarget;
			buildConfigurationList = F7E7204B60AF0B3FE6512004 /* Build configuration list for PBXNativeTarget "Hangul Platypus (macOS)" */;
			buildPhases = (
				632859B452FEFC651DFBCF37 /* Run Script */,
				085A12BE63DF22489776CE31 /* Sources */,
				2C11412394BAA716C83EAE19 /* Resources */,
				61797703CB28C94019A3A253 /* Frameworks */,
			);
			buildRules = (
			);
			dependencies = (
			);
			name = "Hangul Platypus (macOS)";
			packageProductDependencies = (
				AF0F23FAEDF1963F48DB2A1A /* CoreHwp */,
			);
			productName = "Hangul Platypus (macOS)";
			productReference = BA37DAFD1E79AC7DE5D311E6 /* Hangul Platypus (macOS).app */;
			productType = "com.apple.product-type.application";
		};
/* End PBXNativeTarget section */

/* Begin PBXProject section */
		71AC67DFA748A403DB519347 /* Project object */ = {
			isa = PBXProject;
			attributes = {
				LastUpgradeCheck = 1200;
				TargetAttributes = {
				};
			};
			buildConfigurationList = 55EA67403191CC1792FFEEF4 /* Build configuration list for PBXProject "Hangul Platypus" */;
			compatibilityVersion = "Xcode 10.0";
			developmentRegion = ko;
			hasScannedForEncodings = 0;
			knownRegions = (
				Base,
				en,
				ko,
			);
			mainGroup = EFADED239DCF4BFF89D0F820;
			packageReferences = (
				BD142BD8B79926AECFB5AE8D /* XCRemoteSwiftPackageReference "Hwp-Swift" */,
			);
			projectDirPath = "";
			projectRoot = "";
			targets = (
				533C0A1A1598348400FC86D2 /* Hangul Platypus (iOS) */,
				93CC57129F2242AAD666FF3A /* Hangul Platypus (macOS) */,
				452B34CD36922972417C4359 /* Tests iOS */,
				31B0C0BACCDE38B6694D7902 /* Tests macOS */,
			);
		};
/* End PBXProject section */

/* Begin PBXResourcesBuildPhase section */
		2C11412394BAA716C83EAE19 /* Resources */ = {
			isa = PBXResourcesBuildPhase;
			buildActionMask = 2147483647;
			files = (
				8CFA532501D9F7ADBE4B2FF4 /* Assets.xcassets in Resources */,
				99D2898D27BD95FC003A2859 /* HANBatang.ttf in Resources */,
				2CADE05D22790F2E22EC04CC /* HANBatangB.ttf in Resources */,
				FB549E51CA0FC066C737C097 /* HANDotum.ttf in Resources */,
				3D2AD49F81147E36DA810CDF /* HANDotumB.ttf in Resources */,
				4B96616886EAC785180F220F /* InfoPlist.strings in Resources */,
				4AF5E93A4523D7A4735197C8 /* Localizable.strings in Resources */,
			);
			runOnlyForDeploymentPostprocessing = 0;
		};
		8FEBEE299C2A40289B1A40E9 /* Resources */ = {
			isa = PBXResourcesBuildPhase;
			buildActionMask = 2147483647;
			files = (
				5CD4563319F29C8F4B76D494 /* Assets.xcassets in Resources */,
				E7BBB2C042CF6D64D5A245BB /* HANBatang.ttf in Resources */,
				63F3DD89EBD8F0F63405AD8D /* HANBatangB.ttf in Resources */,
				CBC47ACCB66751C96F957C62 /* HANDotum.ttf in Resources */,
				A7B6F1364C109EF37EA528DC /* HANDotumB.ttf in Resources */,
				5A68A9F70C20B9951C7B2087 /* InfoPlist.strings in Resources */,
				05A3D781AEF0C96424781468 /* Localizable.strings in Resources */,
			);
			runOnlyForDeploymentPostprocessing = 0;
		};
/* End PBXResourcesBuildPhase section */

/* Begin PBXShellScriptBuildPhase section */
		5CD5F844B7A4BE6F71FE262B /* Run Script */ = {
			isa = PBXShellScriptBuildPhase;
			buildActionMask = 2147483647;
			files = (
			);
			inputFileListPaths = (
			);
			inputPaths = (
			);
			name = "Run Script";
			outputFileListPaths = (
			);
			outputPaths = (
			);
			runOnlyForDeploymentPostprocessing = 0;
			shellPath = /bin/sh;
			shellScript = "if which swiftlint >/dev/null; then\n  swiftlint\nelse\n  echo \"warning: SwiftLint not installed, download from https://github.com/realm/SwiftLint\"\nfi\n";
		};
		632859B452FEFC651DFBCF37 /* Run Script */ = {
			isa = PBXShellScriptBuildPhase;
			buildActionMask = 2147483647;
			files = (
			);
			inputFileListPaths = (
			);
			inputPaths = (
			);
			name = "Run Script";
			outputFileListPaths = (
			);
			outputPaths = (
			);
			runOnlyForDeploymentPostprocessing = 0;
			shellPath = /bin/sh;
			shellScript = "if which swiftlint >/dev/null; then\n  swiftlint\nelse\n  echo \"warning: SwiftLint not installed, download from https://github.com/realm/SwiftLint\"\nfi\n";
		};
/* End PBXShellScriptBuildPhase section */

/* Begin PBXSourcesBuildPhase section */
		012659F6A3DCF2283AEADC77 /* Sources */ = {
			isa = PBXSourcesBuildPhase;
			buildActionMask = 2147483647;
			files = (
				8E97E0DEE6C632D6FE828359 /* AboutView.swift in Sources */,
				1C81F4CB600ED133301F65C0 /* AdvancedView.swift in Sources */,
				10ACBE0669842F26691C50EC /* ContentView.swift in Sources */,
				6608334AB038DD80C827554F /* Dictionary+Extension.swift in Sources */,
				DCE6AD00A0B7F589F8783C93 /* FileInfoView.swift in Sources */,
				A8D1A273043BB0EA100A693C /* GeneralInfoView.swift in Sources */,
				F88C324651158EAB9C6243F5 /* GeneralView.swift in Sources */,
				529BE47F04D4B38CED40F166 /* LikeHangulApp.swift in Sources */,
				C6FFD355141CC89724E1C37B /* LikeHangulDocument.swift in Sources */,
				77764FADA5617A27E9F26E57 /* MainView.swift in Sources */,
				E09AE9EACBF85A552CC51AAE /* NSHwpView.swift in Sources */,
				D0793637563885A99B36AB57 /* PageView.swift in Sources */,
				C0303967804D0B3D2B4D639F /* PreferencesView.swift in Sources */,
				EE277BB4631430F59F4BF7F0 /* Shared.swift in Sources */,
				C568925845D71739EC773981 /* SidebarView.swift in Sources */,
				65C1752E4F8A6FE0CB5FE904 /* String+Extension.swift in Sources */,
				117E2CB4DE7FDEC6A69E4128 /* SummaryView.swift in Sources */,
				8B0C7428A0B5DF500F0F5443 /* TOCView.swift in Sources */,
				7D4958E4BFEE346BA6CD21F0 /* TextViewManager.swift in Sources */,
				30042982793B8724FFEF2235 /* UIHwpView.swift in Sources */,
			);
			runOnlyForDeploymentPostprocessing = 0;
		};
		085A12BE63DF22489776CE31 /* Sources */ = {
			isa = PBXSourcesBuildPhase;
			buildActionMask = 2147483647;
			files = (
				CFCA029098E93B9F7266A65B /* AboutView.swift in Sources */,
				85101E45EA7C8829CF22CDC4 /* AdvancedView.swift in Sources */,
				D29ABE59337393F385FED3BF /* ContentView.swift in Sources */,
				FA5558DD452DC42B00B60F7E /* Dictionary+Extension.swift in Sources */,
				B9EF7FBFF20105E171946816 /* FileInfoView.swift in Sources */,
				E1D288E1DD4FDFA8610AC30D /* GeneralInfoView.swift in Sources */,
				B43B6193968DA2AB36FC0B63 /* GeneralView.swift in Sources */,
				CCA227AC39F9A3213D8F66E7 /* LikeHangulApp.swift in Sources */,
				2866056945A704FD2B735277 /* LikeHangulDocument.swift in Sources */,
				FBC0213F0952592F2B39C411 /* MainView.swift in Sources */,
				F7B4B8FDD8E8BB3A61EFFDCC /* NSHwpView.swift in Sources */,
				19A59A638F56344F4933BB4F /* PageView.swift in Sources */,
				8A3532C60C17AD91DCD454A6 /* PreferencesView.swift in Sources */,
				9103001FF1FC2CF84BEB88E8 /* Shared.swift in Sources */,
				60353390851DAA5E494DB75B /* SidebarView.swift in Sources */,
				34CD6B85978D79A436BC07F7 /* String+Extension.swift in Sources */,
				E0E5D5363083DA4818D1310B /* SummaryView.swift in Sources */,
				5E5F8F034642CFCEF315A68F /* TOCView.swift in Sources */,
				FC81C60714C388D01FD04B86 /* TextViewManager.swift in Sources */,
				4D20C01800474BC28B4617C1 /* UIHwpView.swift in Sources */,
			);
			runOnlyForDeploymentPostprocessing = 0;
		};
		7696C23244795D5758F6FA31 /* Sources */ = {
			isa = PBXSourcesBuildPhase;
			buildActionMask = 2147483647;
			files = (
			);
			runOnlyForDeploymentPostprocessing = 0;
		};
		7DA2CB0C1B4BB646124BC976 /* Sources */ = {
			isa = PBXSourcesBuildPhase;
			buildActionMask = 2147483647;
			files = (
			);
			runOnlyForDeploymentPostprocessing = 0;
		};
/* End PBXSourcesBuildPhase section */

/* Begin PBXVariantGroup section */
		3DD3E532D14FAF84727F0755 /* Localizable.strings */ = {
			isa = PBXVariantGroup;
			children = (
				81F486D1A33936466D05C7DC /* en */,
				BD045DD709950386EA634E24 /* ko */,
			);
			name = Localizable.strings;
			sourceTree = "<group>";
		};
		B7D737C592CBCCFD542F9631 /* InfoPlist.strings */ = {
			isa = PBXVariantGroup;
			children = (
				4183A12ED9F12841552837D4 /* en */,
				B96DF769FEA37C474E647743 /* ko */,
			);
			name = InfoPlist.strings;
			sourceTree = "<group>";
		};
/* End PBXVariantGroup section */

/* Begin XCBuildConfiguration section */
		081DCA9A561185F82A2FC4EC /* Release */ = {
			isa = XCBuildConfiguration;
			buildSettings = {
				ALWAYS_SEARCH_USER_PATHS = NO;
				CLANG_ANALYZER_NONNULL = YES;
				CLANG_ANALYZER_NUMBER_OBJECT_CONVERSION = YES_AGGRESSIVE;
				CLANG_CXX_LANGUAGE_STANDARD = "gnu++14";
				CLANG_CXX_LIBRARY = "libc++";
				CLANG_ENABLE_MODULES = YES;
				CLANG_ENABLE_OBJC_ARC = YES;
				CLANG_ENABLE_OBJC_WEAK = YES;
				CLANG_WARN_BLOCK_CAPTURE_AUTORELEASING = YES;
				CLANG_WARN_BOOL_CONVERSION = YES;
				CLANG_WARN_COMMA = YES;
				CLANG_WARN_CONSTANT_CONVERSION = YES;
				CLANG_WARN_DEPRECATED_OBJC_IMPLEMENTATIONS = YES;
				CLANG_WARN_DIRECT_OBJC_ISA_USAGE = YES_ERROR;
				CLANG_WARN_DOCUMENTATION_COMMENTS = YES;
				CLANG_WARN_EMPTY_BODY = YES;
				CLANG_WARN_ENUM_CONVERSION = YES;
				CLANG_WARN_INFINITE_RECURSION = YES;
				CLANG_WARN_INT_CONVERSION = YES;
				CLANG_WARN_NON_LITERAL_NULL_CONVERSION = YES;
				CLANG_WARN_OBJC_IMPLICIT_RETAIN_SELF = YES;
				CLANG_WARN_OBJC_LITERAL_CONVERSION = YES;
				CLANG_WARN_OBJC_ROOT_CLASS = YES_ERROR;
				CLANG_WARN_QUOTED_INCLUDE_IN_FRAMEWORK_HEADER = YES;
				CLANG_WARN_RANGE_LOOP_ANALYSIS = YES;
				CLANG_WARN_STRICT_PROTOTYPES = YES;
				CLANG_WARN_SUSPICIOUS_MOVE = YES;
				CLANG_WARN_UNGUARDED_AVAILABILITY = YES_AGGRESSIVE;
				CLANG_WARN_UNREACHABLE_CODE = YES;
				CLANG_WARN__DUPLICATE_METHOD_MATCH = YES;
				COPY_PHASE_STRIP = NO;
				DEBUG_INFORMATION_FORMAT = "dwarf-with-dsym";
				ENABLE_NS_ASSERTIONS = NO;
				ENABLE_STRICT_OBJC_MSGSEND = YES;
				GCC_C_LANGUAGE_STANDARD = gnu11;
				GCC_NO_COMMON_BLOCKS = YES;
				GCC_WARN_64_TO_32_BIT_CONVERSION = YES;
				GCC_WARN_ABOUT_RETURN_TYPE = YES_ERROR;
				GCC_WARN_UNDECLARED_SELECTOR = YES;
				GCC_WARN_UNINITIALIZED_AUTOS = YES_AGGRESSIVE;
				GCC_WARN_UNUSED_FUNCTION = YES;
				GCC_WARN_UNUSED_VARIABLE = YES;
				IPHONEOS_DEPLOYMENT_TARGET = 14.0;
				MACOSX_DEPLOYMENT_TARGET = 11.0;
				MTL_ENABLE_DEBUG_INFO = NO;
				MTL_FAST_MATH = YES;
				PRODUCT_NAME = "$(TARGET_NAME)";
				SWIFT_COMPILATION_MODE = wholemodule;
				SWIFT_OPTIMIZATION_LEVEL = "-O";
				SWIFT_VERSION = 5.0;
			};
			name = Release;
		};
		109056EAFF518080072D1C6A /* Debug */ = {
			isa = XCBuildConfiguration;
			buildSettings = {
				ASSETCATALOG_COMPILER_APPICON_NAME = AppIcon;
				CODE_SIGN_ENTITLEMENTS = macOS/macOS.entitlements;
				COMBINE_HIDPI_IMAGES = YES;
				INFOPLIST_FILE = macOS/Info.plist;
				LD_RUNPATH_SEARCH_PATHS = (
					"$(inherited)",
					"@executable_path/../Frameworks",
				);
				SDKROOT = macosx;
			};
			name = Debug;
		};
		4DC0E4C263DBCC3015AD67BA /* Release */ = {
			isa = XCBuildConfiguration;
			buildSettings = {
				ASSETCATALOG_COMPILER_APPICON_NAME = AppIcon;
				CODE_SIGN_ENTITLEMENTS = macOS/macOS.entitlements;
				COMBINE_HIDPI_IMAGES = YES;
				INFOPLIST_FILE = macOS/Info.plist;
				LD_RUNPATH_SEARCH_PATHS = (
					"$(inherited)",
					"@executable_path/../Frameworks",
				);
				SDKROOT = macosx;
			};
			name = Release;
		};
		6F63918689EC65CD3A69E3AE /* Release */ = {
			isa = XCBuildConfiguration;
			buildSettings = {
				BUNDLE_LOADER = "$(TEST_HOST)";
				LD_RUNPATH_SEARCH_PATHS = (
					"$(inherited)",
					"@executable_path/Frameworks",
					"@loader_path/Frameworks",
				);
				SDKROOT = iphoneos;
				TARGETED_DEVICE_FAMILY = "1,2";
			};
			name = Release;
		};
		7AB1F768C3695A6ABFA1D36F /* Debug */ = {
			isa = XCBuildConfiguration;
			buildSettings = {
				BUNDLE_LOADER = "$(TEST_HOST)";
				LD_RUNPATH_SEARCH_PATHS = (
					"$(inherited)",
					"@executable_path/Frameworks",
					"@loader_path/Frameworks",
				);
				SDKROOT = iphoneos;
				TARGETED_DEVICE_FAMILY = "1,2";
			};
			name = Debug;
		};
		B3AE78B349C38994786D1BBE /* Debug */ = {
			isa = XCBuildConfiguration;
			buildSettings = {
				BUNDLE_LOADER = "$(TEST_HOST)";
				COMBINE_HIDPI_IMAGES = YES;
				LD_RUNPATH_SEARCH_PATHS = (
					"$(inherited)",
					"@executable_path/Frameworks",
					"@loader_path/Frameworks",
				);
				SDKROOT = macosx;
			};
			name = Debug;
		};
		B3C12CC0909955A4F8C7A367 /* Release */ = {
			isa = XCBuildConfiguration;
			buildSettings = {
				BUNDLE_LOADER = "$(TEST_HOST)";
				COMBINE_HIDPI_IMAGES = YES;
				LD_RUNPATH_SEARCH_PATHS = (
					"$(inherited)",
					"@executable_path/Frameworks",
					"@loader_path/Frameworks",
				);
				SDKROOT = macosx;
			};
			name = Release;
		};
		C5AD5B8FEB2009B45C2E747F /* Debug */ = {
			isa = XCBuildConfiguration;
			buildSettings = {
				ASSETCATALOG_COMPILER_APPICON_NAME = AppIcon;
				CODE_SIGN_IDENTITY = "iPhone Developer";
				INFOPLIST_FILE = iOS/Info.plist;
				LD_RUNPATH_SEARCH_PATHS = (
					"$(inherited)",
					"@executable_path/Frameworks",
				);
				SDKROOT = iphoneos;
				TARGETED_DEVICE_FAMILY = "1,2";
			};
			name = Debug;
		};
		D982F4A272E8E86D98989C1F /* Release */ = {
			isa = XCBuildConfiguration;
			buildSettings = {
				ASSETCATALOG_COMPILER_APPICON_NAME = AppIcon;
				CODE_SIGN_IDENTITY = "iPhone Developer";
				INFOPLIST_FILE = iOS/Info.plist;
				LD_RUNPATH_SEARCH_PATHS = (
					"$(inherited)",
					"@executable_path/Frameworks",
				);
				SDKROOT = iphoneos;
				TARGETED_DEVICE_FAMILY = "1,2";
			};
			name = Release;
		};
		F94AB171DA83FF2DB7471FF1 /* Debug */ = {
			isa = XCBuildConfiguration;
			buildSettings = {
				ALWAYS_SEARCH_USER_PATHS = NO;
				CLANG_ANALYZER_NONNULL = YES;
				CLANG_ANALYZER_NUMBER_OBJECT_CONVERSION = YES_AGGRESSIVE;
				CLANG_CXX_LANGUAGE_STANDARD = "gnu++14";
				CLANG_CXX_LIBRARY = "libc++";
				CLANG_ENABLE_MODULES = YES;
				CLANG_ENABLE_OBJC_ARC = YES;
				CLANG_ENABLE_OBJC_WEAK = YES;
				CLANG_WARN_BLOCK_CAPTURE_AUTORELEASING = YES;
				CLANG_WARN_BOOL_CONVERSION = YES;
				CLANG_WARN_COMMA = YES;
				CLANG_WARN_CONSTANT_CONVERSION = YES;
				CLANG_WARN_DEPRECATED_OBJC_IMPLEMENTATIONS = YES;
				CLANG_WARN_DIRECT_OBJC_ISA_USAGE = YES_ERROR;
				CLANG_WARN_DOCUMENTATION_COMMENTS = YES;
				CLANG_WARN_EMPTY_BODY = YES;
				CLANG_WARN_ENUM_CONVERSION = YES;
				CLANG_WARN_INFINITE_RECURSION = YES;
				CLANG_WARN_INT_CONVERSION = YES;
				CLANG_WARN_NON_LITERAL_NULL_CONVERSION = YES;
				CLANG_WARN_OBJC_IMPLICIT_RETAIN_SELF = YES;
				CLANG_WARN_OBJC_LITERAL_CONVERSION = YES;
				CLANG_WARN_OBJC_ROOT_CLASS = YES_ERROR;
				CLANG_WARN_QUOTED_INCLUDE_IN_FRAMEWORK_HEADER = YES;
				CLANG_WARN_RANGE_LOOP_ANALYSIS = YES;
				CLANG_WARN_STRICT_PROTOTYPES = YES;
				CLANG_WARN_SUSPICIOUS_MOVE = YES;
				CLANG_WARN_UNGUARDED_AVAILABILITY = YES_AGGRESSIVE;
				CLANG_WARN_UNREACHABLE_CODE = YES;
				CLANG_WARN__DUPLICATE_METHOD_MATCH = YES;
				COPY_PHASE_STRIP = NO;
				DEBUG_INFORMATION_FORMAT = dwarf;
				ENABLE_STRICT_OBJC_MSGSEND = YES;
				ENABLE_TESTABILITY = YES;
				GCC_C_LANGUAGE_STANDARD = gnu11;
				GCC_DYNAMIC_NO_PIC = NO;
				GCC_NO_COMMON_BLOCKS = YES;
				GCC_OPTIMIZATION_LEVEL = 0;
				GCC_PREPROCESSOR_DEFINITIONS = (
					"$(inherited)",
					"DEBUG=1",
				);
				GCC_WARN_64_TO_32_BIT_CONVERSION = YES;
				GCC_WARN_ABOUT_RETURN_TYPE = YES_ERROR;
				GCC_WARN_UNDECLARED_SELECTOR = YES;
				GCC_WARN_UNINITIALIZED_AUTOS = YES_AGGRESSIVE;
				GCC_WARN_UNUSED_FUNCTION = YES;
				GCC_WARN_UNUSED_VARIABLE = YES;
				IPHONEOS_DEPLOYMENT_TARGET = 14.0;
				MACOSX_DEPLOYMENT_TARGET = 11.0;
				MTL_ENABLE_DEBUG_INFO = INCLUDE_SOURCE;
				MTL_FAST_MATH = YES;
				ONLY_ACTIVE_ARCH = YES;
				PRODUCT_NAME = "$(TARGET_NAME)";
				SWIFT_ACTIVE_COMPILATION_CONDITIONS = DEBUG;
				SWIFT_OPTIMIZATION_LEVEL = "-Onone";
				SWIFT_VERSION = 5.0;
			};
			name = Debug;
		};
/* End XCBuildConfiguration section */

/* Begin XCConfigurationList section */
		436B9E0AFE364BA4C0BB5674 /* Build configuration list for PBXNativeTarget "Hangul Platypus (iOS)" */ = {
			isa = XCConfigurationList;
			buildConfigurations = (
				C5AD5B8FEB2009B45C2E747F /* Debug */,
				D982F4A272E8E86D98989C1F /* Release */,
			);
			defaultConfigurationIsVisible = 0;
			defaultConfigurationName = Debug;
		};
		55EA67403191CC1792FFEEF4 /* Build configuration list for PBXProject "Hangul Platypus" */ = {
			isa = XCConfigurationList;
			buildConfigurations = (
				F94AB171DA83FF2DB7471FF1 /* Debug */,
				081DCA9A561185F82A2FC4EC /* Release */,
			);
			defaultConfigurationIsVisible = 0;
			defaultConfigurationName = Debug;
		};
		8EF794028D1653841A102339 /* Build configuration list for PBXNativeTarget "Tests iOS" */ = {
			isa = XCConfigurationList;
			buildConfigurations = (
				7AB1F768C3695A6ABFA1D36F /* Debug */,
				6F63918689EC65CD3A69E3AE /* Release */,
			);
			defaultConfigurationIsVisible = 0;
			defaultConfigurationName = Debug;
		};
		E5C787D2B65DDADEAAFB426C /* Build configuration list for PBXNativeTarget "Tests macOS" */ = {
			isa = XCConfigurationList;
			buildConfigurations = (
				B3AE78B349C38994786D1BBE /* Debug */,
				B3C12CC0909955A4F8C7A367 /* Release */,
			);
			defaultConfigurationIsVisible = 0;
			defaultConfigurationName = Debug;
		};
		F7E7204B60AF0B3FE6512004 /* Build configuration list for PBXNativeTarget "Hangul Platypus (macOS)" */ = {
			isa = XCConfigurationList;
			buildConfigurations = (
				109056EAFF518080072D1C6A /* Debug */,
				4DC0E4C263DBCC3015AD67BA /* Release */,
			);
			defaultConfigurationIsVisible = 0;
			defaultConfigurationName = Debug;
		};
/* End XCConfigurationList section */

/* Begin XCRemoteSwiftPackageReference section */
		BD142BD8B79926AECFB5AE8D /* XCRemoteSwiftPackageReference "Hwp-Swift" */ = {
			isa = XCRemoteSwiftPackageReference;
			repositoryURL = "https://github.com/sboh1214/Hwp-Swift.git";
			requirement = {
				kind = exactVersion;
				version = 0.14.1;
			};
		};
/* End XCRemoteSwiftPackageReference section */

/* Begin XCSwiftPackageProductDependency section */
		3C85C139799E41CCEC44E839 /* CoreHwp */ = {
			isa = XCSwiftPackageProductDependency;
			package = BD142BD8B79926AECFB5AE8D /* XCRemoteSwiftPackageReference "Hwp-Swift" */;
			productName = CoreHwp;
		};
		AF0F23FAEDF1963F48DB2A1A /* CoreHwp */ = {
			isa = XCSwiftPackageProductDependency;
			package = BD142BD8B79926AECFB5AE8D /* XCRemoteSwiftPackageReference "Hwp-Swift" */;
			productName = CoreHwp;
		};
/* End XCSwiftPackageProductDependency section */
	};
	rootObject = 71AC67DFA748A403DB519347 /* Project object */;
}
